PODS:
  - Alamofire (4.5.1)
  - Cache (4.1.2)
  - Cluster (2.1.1)
  - HyperioniOS (1.0.2):
    - HyperioniOS/AttributesInspector (= 1.0.2)
    - HyperioniOS/Core (= 1.0.2)
    - HyperioniOS/Measurements (= 1.0.2)
    - HyperioniOS/SlowAnimations (= 1.0.2)
  - HyperioniOS/AttributesInspector (1.0.2):
    - HyperioniOS/Core
  - HyperioniOS/Core (1.0.2)
  - HyperioniOS/Measurements (1.0.2):
    - HyperioniOS/Core
  - HyperioniOS/SlowAnimations (1.0.2):
    - HyperioniOS/Core
  - KeychainAccess (3.1.1)
  - lottie-ios (2.1.5)
  - MPOLKit (0.3.2):
    - Alamofire (= 4.5.1)
    - Cache (~> 4.1.2)
    - Cluster (= 2.1.1)
    - KeychainAccess (~> 3.1.1)
    - lottie-ios (~> 2.1.3)
    - MPOLKit/CAD (= 0.3.2)
    - PromiseKit (~> 6.0)
    - PromiseKit/CoreLocation
    - Unbox (= 2.5.0)
    - Wrap (= 2.1.1)
  - MPOLKit/CAD (0.3.2):
    - Alamofire (= 4.5.1)
    - Cache (~> 4.1.2)
    - Cluster (= 2.1.1)
    - KeychainAccess (~> 3.1.1)
    - lottie-ios (~> 2.1.3)
    - PromiseKit (~> 6.0)
    - PromiseKit/CoreLocation
    - Unbox (= 2.5.0)
    - Wrap (= 2.1.1)
  - PromiseKit (6.2.4):
    - PromiseKit/CorePromise (= 6.2.4)
    - PromiseKit/Foundation (= 6.2.4)
    - PromiseKit/UIKit (= 6.2.4)
  - PromiseKit/CoreLocation (6.2.4):
    - PromiseKit/CorePromise
  - PromiseKit/CorePromise (6.2.4)
  - PromiseKit/Foundation (6.2.4):
    - PromiseKit/CorePromise
  - PromiseKit/UIKit (6.2.4):
    - PromiseKit/CorePromise
  - Unbox (2.5.0)
  - Wrap (2.1.1)

DEPENDENCIES:
  - HyperioniOS
  - MPOLKit (from `../`)

SPEC REPOS:
  https://github.com/CocoaPods/Specs.git:
    - Alamofire
    - Cache
    - Cluster
    - HyperioniOS
    - KeychainAccess
    - lottie-ios
    - PromiseKit
    - Unbox
    - Wrap

EXTERNAL SOURCES:
  MPOLKit:
    :path: "../"

SPEC CHECKSUMS:
  Alamofire: 2d95912bf4c34f164fdfc335872e8c312acaea4a
  Cache: bd0233fc688b5e83a27bcd87807db7e6f23adcc5
  Cluster: e6b55b7c6a76f8af5acf631574bbb299e4c64914
  HyperioniOS: 2397937925b2d57ec28182ac979879b0da2658ee
  KeychainAccess: 7bd430028059754a3debab3cfc0bd1fc7fb85df3
  lottie-ios: 836cdbba92f62f3c6a00e37a4ce485321fe317cf
  MPOLKit: 71aec9b568b243c141fc55c8290cae96ccbead56
  PromiseKit: 625b1fc69944fc839503748101c5968cf54b527b
  Unbox: 30e437e6151a6de16139375fd4e8dd9a664cfbf7
  Wrap: 9cc7da7551bb81d0846cb3df9fb624c6c32d267d

PODFILE CHECKSUM: 8afa7f6e1ba825d08d131c486f4043f0fd3684c7

COCOAPODS: 1.5.0
