PODS:
  - Alamofire (4.5.1)
  - Cache (4.1.2)
  - Cluster (2.1.1)
  - CoreKit (0.0.1):
    - Alamofire (= 4.5.1)
    - Cache (~> 4.1.2)
    - KeychainAccess (~> 3.1.1)
    - PromiseKit (~> 6.0)
    - PromiseKit/CoreLocation
    - Unbox (= 2.5.0)
  - DemoAppKit (0.0.1):
    - PublicSafetyKit
  - KeychainAccess (3.1.1)
  - lottie-ios (2.1.3)
  - PatternKit (0.0.1):
    - Cluster (= 2.1.1)
    - CoreKit
    - lottie-ios (= 2.1.3)
    - SketchKit
  - PromiseKit (6.2.4):
    - PromiseKit/CorePromise (= 6.2.4)
    - PromiseKit/Foundation (= 6.2.4)
    - PromiseKit/UIKit (= 6.2.4)
  - PromiseKit/CoreLocation (6.2.4):
    - PromiseKit/CorePromise
  - PromiseKit/CorePromise (6.2.4)
  - PromiseKit/Foundation (6.2.4):
    - PromiseKit/CorePromise
  - PromiseKit/UIKit (6.2.4):
    - PromiseKit/CorePromise
  - PublicSafetyKit (0.0.1):
    - PatternKit
    - Wrap (= 2.1.1)
  - SketchKit (0.0.1):
    - CoreKit
  - Unbox (2.5.0)
  - Wrap (2.1.1)

DEPENDENCIES:
  - Alamofire (= 4.5.1)
  - Cache (~> 4.1.2)
  - Cluster (= 2.1.1)
  - CoreKit (from `.`)
  - DemoAppKit (from `.`)
  - KeychainAccess (~> 3.1.1)
  - lottie-ios (= 2.1.3)
  - PatternKit (from `.`)
  - PromiseKit (~> 6.0)
  - PromiseKit/CoreLocation (~> 6.0)
  - PublicSafetyKit (from `.`)
  - SketchKit (from `.`)
  - Unbox (= 2.5.0)
  - Wrap (= 2.1.1)

SPEC REPOS:
  https://github.com/CocoaPods/Specs.git:
    - Alamofire
    - Cache
    - Cluster
    - KeychainAccess
    - lottie-ios
    - PromiseKit
    - Unbox
    - Wrap

EXTERNAL SOURCES:
  CoreKit:
    :path: "."
  DemoAppKit:
    :path: "."
  PatternKit:
    :path: "."
  PublicSafetyKit:
    :path: "."
  SketchKit:
    :path: "."

SPEC CHECKSUMS:
  Alamofire: 2d95912bf4c34f164fdfc335872e8c312acaea4a
  Cache: bd0233fc688b5e83a27bcd87807db7e6f23adcc5
  Cluster: e6b55b7c6a76f8af5acf631574bbb299e4c64914
  CoreKit: 0555cc074101bd6d33817279a8afbdc574d205e3
  DemoAppKit: c18cc3f491feeb0a017c4fb4c9e1372671e2937b
  KeychainAccess: 7bd430028059754a3debab3cfc0bd1fc7fb85df3
  lottie-ios: 8c150606598931621e927377f1426d2d3e99282d
  PatternKit: 1ccb78b25c7372c229b1ac649b68851b8445cabf
  PromiseKit: 625b1fc69944fc839503748101c5968cf54b527b
  PublicSafetyKit: bf3f50dfd7a0e66b96d8b27d6209ca4141db0f23
  SketchKit: 440c6e6b6ba7c6a1a4f4a69ea9cf5f8cff981ddc
  Unbox: 30e437e6151a6de16139375fd4e8dd9a664cfbf7
  Wrap: 9cc7da7551bb81d0846cb3df9fb624c6c32d267d

PODFILE CHECKSUM: 390f0808a8834a25f187632569d767ef6f2fb5d7

COCOAPODS: 1.5.0
