PODS:
  - MPOLKit (0.1.0):
    - MPOLKit/Core (= 0.1.0)
  - MPOLKit/Core (0.1.0)

DEPENDENCIES:
  - MPOLKit (from `../mPolKit-iOS`)

EXTERNAL SOURCES:
  MPOLKit:
    :path: "../mPolKit-iOS"

SPEC CHECKSUMS:
  MPOLKit: 87d2026d94daa36b7550f4374c81dfc03b3e169a

PODFILE CHECKSUM: 58c9ba97975ead70d03b280438c6ee8f1283071c

COCOAPODS: 1.2.0
