PODS:
  - Alamofire (4.5.1)
  - Cache (4.1.2)
  - Cluster (2.3.0)
  - CoreKit (0.0.1):
    - Alamofire (= 4.5.1)
    - Cache (~> 4.1.2)
    - KeychainAccess (~> 3.1.1)
    - PromiseKit (~> 6.0)
    - PromiseKit/CoreLocation
    - Unbox (= 2.5.0)
  - KeychainAccess (3.1.1)
  - lottie-ios (2.1.3)
  - PatternKit (0.0.1):
    - Cluster (= 2.3.0)
    - CoreKit
    - lottie-ios (= 2.1.3)
    - SketchKit
  - PromiseKit (6.4.0):
    - PromiseKit/CorePromise (= 6.4.0)
    - PromiseKit/Foundation (= 6.4.0)
    - PromiseKit/UIKit (= 6.4.0)
  - PromiseKit/CoreLocation (6.4.0):
    - PromiseKit/CorePromise
  - PromiseKit/CorePromise (6.4.0)
  - PromiseKit/Foundation (6.4.0):
    - PromiseKit/CorePromise
  - PromiseKit/UIKit (6.4.0):
    - PromiseKit/CorePromise
  - PublicSafetyKit (0.0.1):
    - PatternKit
    - Wrap (= 2.1.1)
  - SketchKit (0.0.1):
    - CoreKit
  - Unbox (2.5.0)
  - Wrap (2.1.1)

DEPENDENCIES:
  - CoreKit (from `../../mPolKit-iOS`)
  - PatternKit (from `../../mPolKit-iOS`)
  - PublicSafetyKit (from `../../mPolKit-iOS`)
  - SketchKit (from `../../mPolKit-iOS`)

SPEC REPOS:
  https://github.com/cocoapods/specs.git:
    - Alamofire
    - Cache
    - Cluster
    - KeychainAccess
    - lottie-ios
    - PromiseKit
    - Unbox
    - Wrap

EXTERNAL SOURCES:
  CoreKit:
    :path: "../../mPolKit-iOS"
  PatternKit:
    :path: "../../mPolKit-iOS"
  PublicSafetyKit:
    :path: "../../mPolKit-iOS"
  SketchKit:
    :path: "../../mPolKit-iOS"

SPEC CHECKSUMS:
  Alamofire: 2d95912bf4c34f164fdfc335872e8c312acaea4a
  Cache: bd0233fc688b5e83a27bcd87807db7e6f23adcc5
  Cluster: 23f4cd9721dd4564d317b257e439870760954f1e
  CoreKit: f2ee81b46eae79422fe3d08047841a1830c3db81
  KeychainAccess: 7bd430028059754a3debab3cfc0bd1fc7fb85df3
  lottie-ios: 8c150606598931621e927377f1426d2d3e99282d
  PatternKit: b9cb7d7fa262ddfd8065df3a7c89a3be7e1f936c
  PromiseKit: ae3616f45d7bb9bf4ff1e91abc9b7a8c48a340e0
  PublicSafetyKit: bf3f50dfd7a0e66b96d8b27d6209ca4141db0f23
  SketchKit: 440c6e6b6ba7c6a1a4f4a69ea9cf5f8cff981ddc
  Unbox: 30e437e6151a6de16139375fd4e8dd9a664cfbf7
  Wrap: 9cc7da7551bb81d0846cb3df9fb624c6c32d267d

PODFILE CHECKSUM: bb8a0009390118f289e485e7863f06f65cb0e510

COCOAPODS: 1.5.3
