// !$*UTF8*$!
{
	archiveVersion = 1;
	classes = {
	};
	objectVersion = 46;
	objects = {

/* Begin PBXBuildFile section */
		BC2152121E5935EA00193086 /* CollectionViewFormStyle.swift in Sources */ = {isa = PBXBuildFile; fileRef = BC2152111E5935EA00193086 /* CollectionViewFormStyle.swift */; };
		BC2152141E5950D500193086 /* CollectionViewFormBoxedStyle.swift in Sources */ = {isa = PBXBuildFile; fileRef = BC2152131E5950D500193086 /* CollectionViewFormBoxedStyle.swift */; };
		BC2FA2D31E54023E00E2D0D1 /* MPOLKit.framework in Frameworks */ = {isa = PBXBuildFile; fileRef = BC2FA2C91E54023E00E2D0D1 /* MPOLKit.framework */; };
		BC2FA2D81E54023E00E2D0D1 /* MPOLKitTests.swift in Sources */ = {isa = PBXBuildFile; fileRef = BC2FA2D71E54023E00E2D0D1 /* MPOLKitTests.swift */; };
		BC2FA2DA1E54023E00E2D0D1 /* MPOLKit.h in Headers */ = {isa = PBXBuildFile; fileRef = BC2FA2CC1E54023E00E2D0D1 /* MPOLKit.h */; settings = {ATTRIBUTES = (Public, ); }; };
		BC2FA2EA1E54026700E2D0D1 /* AppDelegate.swift in Sources */ = {isa = PBXBuildFile; fileRef = BC2FA2E91E54026700E2D0D1 /* AppDelegate.swift */; };
		BC2FA2F11E54026700E2D0D1 /* Assets.xcassets in Resources */ = {isa = PBXBuildFile; fileRef = BC2FA2F01E54026700E2D0D1 /* Assets.xcassets */; };
		BC2FA2F41E54026700E2D0D1 /* LaunchScreen.storyboard in Resources */ = {isa = PBXBuildFile; fileRef = BC2FA2F21E54026700E2D0D1 /* LaunchScreen.storyboard */; };
		BC2FA2F91E54026D00E2D0D1 /* MPOLKit.framework in Frameworks */ = {isa = PBXBuildFile; fileRef = BC2FA2C91E54023E00E2D0D1 /* MPOLKit.framework */; };
		BC2FA2FA1E54026D00E2D0D1 /* MPOLKit.framework in Embed Frameworks */ = {isa = PBXBuildFile; fileRef = BC2FA2C91E54023E00E2D0D1 /* MPOLKit.framework */; settings = {ATTRIBUTES = (CodeSignOnCopy, RemoveHeadersOnCopy, ); }; };
		BC691B2A1E5403B200EC3A20 /* Assets.xcassets in Resources */ = {isa = PBXBuildFile; fileRef = BC691B291E5403B200EC3A20 /* Assets.xcassets */; };
		BC691B441E54041200EC3A20 /* UIColor+Hex.swift in Sources */ = {isa = PBXBuildFile; fileRef = BC691B341E54041200EC3A20 /* UIColor+Hex.swift */; };
		BC691B481E54041200EC3A20 /* PushableSplitViewController.swift in Sources */ = {isa = PBXBuildFile; fileRef = BC691B381E54041200EC3A20 /* PushableSplitViewController.swift */; };
		BC691B491E54041200EC3A20 /* ScrollViewInsetManager.swift in Sources */ = {isa = PBXBuildFile; fileRef = BC691B391E54041200EC3A20 /* ScrollViewInsetManager.swift */; };
		BC691B4A1E54041200EC3A20 /* SidebarItem.swift in Sources */ = {isa = PBXBuildFile; fileRef = BC691B3B1E54041200EC3A20 /* SidebarItem.swift */; };
		BC691B4B1E54041200EC3A20 /* SidebarSourceItem.swift in Sources */ = {isa = PBXBuildFile; fileRef = BC691B3C1E54041200EC3A20 /* SidebarSourceItem.swift */; };
		BC691B4C1E54041200EC3A20 /* SidebarSplitViewController.swift in Sources */ = {isa = PBXBuildFile; fileRef = BC691B3D1E54041200EC3A20 /* SidebarSplitViewController.swift */; };
		BC691B4D1E54041200EC3A20 /* SidebarTableViewCell.swift in Sources */ = {isa = PBXBuildFile; fileRef = BC691B3E1E54041200EC3A20 /* SidebarTableViewCell.swift */; };
		BC691B4E1E54041200EC3A20 /* SidebarViewController.swift in Sources */ = {isa = PBXBuildFile; fileRef = BC691B3F1E54041200EC3A20 /* SidebarViewController.swift */; };
		BC691B4F1E54041200EC3A20 /* SourceTableViewCell.swift in Sources */ = {isa = PBXBuildFile; fileRef = BC691B401E54041200EC3A20 /* SourceTableViewCell.swift */; };
		BC691B501E54041200EC3A20 /* Theme.swift in Sources */ = {isa = PBXBuildFile; fileRef = BC691B411E54041200EC3A20 /* Theme.swift */; };
		BC691B521E54043700EC3A20 /* ThemePack.json in Resources */ = {isa = PBXBuildFile; fileRef = BC691B511E54043700EC3A20 /* ThemePack.json */; };
		BC691B541E54046C00EC3A20 /* PushableTestViewController.swift in Sources */ = {isa = PBXBuildFile; fileRef = BC691B531E54046C00EC3A20 /* PushableTestViewController.swift */; };
		BC712E721E5535B800BD5DAE /* CollectionViewFormCell.swift in Sources */ = {isa = PBXBuildFile; fileRef = BC712E551E5535B800BD5DAE /* CollectionViewFormCell.swift */; };
		BC712E731E5535B800BD5DAE /* CollectionViewFormCheckboxCell.swift in Sources */ = {isa = PBXBuildFile; fileRef = BC712E561E5535B800BD5DAE /* CollectionViewFormCheckboxCell.swift */; };
		BC712E741E5535B800BD5DAE /* CollectionViewFormDecorationView.swift in Sources */ = {isa = PBXBuildFile; fileRef = BC712E571E5535B800BD5DAE /* CollectionViewFormDecorationView.swift */; };
		BC712E751E5535B800BD5DAE /* CollectionViewFormEditAction.swift in Sources */ = {isa = PBXBuildFile; fileRef = BC712E581E5535B800BD5DAE /* CollectionViewFormEditAction.swift */; };
		BC712E761E5535B800BD5DAE /* CollectionViewFormRadioButtonCell.swift in Sources */ = {isa = PBXBuildFile; fileRef = BC712E591E5535B800BD5DAE /* CollectionViewFormRadioButtonCell.swift */; };
		BC712E771E5535B800BD5DAE /* CollectionViewFormSubtitleCell.swift in Sources */ = {isa = PBXBuildFile; fileRef = BC712E5A1E5535B800BD5DAE /* CollectionViewFormSubtitleCell.swift */; };
		BC712E781E5535B800BD5DAE /* CollectionViewFormTextFieldCell.swift in Sources */ = {isa = PBXBuildFile; fileRef = BC712E5B1E5535B800BD5DAE /* CollectionViewFormTextFieldCell.swift */; };
		BC712E791E5535B800BD5DAE /* CollectionViewFormTextViewCell.swift in Sources */ = {isa = PBXBuildFile; fileRef = BC712E5C1E5535B800BD5DAE /* CollectionViewFormTextViewCell.swift */; };
		BC712E7A1E5535B800BD5DAE /* CoreGraphics+Rounding.swift in Sources */ = {isa = PBXBuildFile; fileRef = BC712E5E1E5535B800BD5DAE /* CoreGraphics+Rounding.swift */; };
		BC712E7B1E5535B800BD5DAE /* NSLayoutConstraint+Conveniences.swift in Sources */ = {isa = PBXBuildFile; fileRef = BC712E5F1E5535B800BD5DAE /* NSLayoutConstraint+Conveniences.swift */; };
		BC712E7C1E5535B800BD5DAE /* UIColor+ActionColors.swift in Sources */ = {isa = PBXBuildFile; fileRef = BC712E601E5535B800BD5DAE /* UIColor+ActionColors.swift */; };
		BC712E7D1E5535B800BD5DAE /* UIEdgeInsets+InverseAndInset.swift in Sources */ = {isa = PBXBuildFile; fileRef = BC712E611E5535B800BD5DAE /* UIEdgeInsets+InverseAndInset.swift */; };
		BC712E7E1E5535B800BD5DAE /* UIImage+FormKitDefaults.swift in Sources */ = {isa = PBXBuildFile; fileRef = BC712E621E5535B800BD5DAE /* UIImage+FormKitDefaults.swift */; };
		BC712E7F1E5535B800BD5DAE /* UIScreen+SinglePixel.swift in Sources */ = {isa = PBXBuildFile; fileRef = BC712E631E5535B800BD5DAE /* UIScreen+SinglePixel.swift */; };
		BC712E801E5535B800BD5DAE /* CollectionViewFormAttributes.swift in Sources */ = {isa = PBXBuildFile; fileRef = BC712E651E5535B800BD5DAE /* CollectionViewFormAttributes.swift */; };
		BC712E811E5535B800BD5DAE /* CollectionViewFormLayout.swift in Sources */ = {isa = PBXBuildFile; fileRef = BC712E661E5535B800BD5DAE /* CollectionViewFormLayout.swift */; };
		BC712E821E5535B800BD5DAE /* TableViewFormCell.swift in Sources */ = {isa = PBXBuildFile; fileRef = BC712E681E5535B800BD5DAE /* TableViewFormCell.swift */; };
		BC712E831E5535B800BD5DAE /* TableViewFormCheckboxCell.swift in Sources */ = {isa = PBXBuildFile; fileRef = BC712E691E5535B800BD5DAE /* TableViewFormCheckboxCell.swift */; };
		BC712E841E5535B800BD5DAE /* TableViewFormSubtitleCell.swift in Sources */ = {isa = PBXBuildFile; fileRef = BC712E6A1E5535B800BD5DAE /* TableViewFormSubtitleCell.swift */; };
		BC712E851E5535B800BD5DAE /* TableViewFormTextFieldCell.swift in Sources */ = {isa = PBXBuildFile; fileRef = BC712E6B1E5535B800BD5DAE /* TableViewFormTextFieldCell.swift */; };
		BC712E861E5535B800BD5DAE /* TableViewFormTextViewCell.swift in Sources */ = {isa = PBXBuildFile; fileRef = BC712E6C1E5535B800BD5DAE /* TableViewFormTextViewCell.swift */; };
		BC712E871E5535B800BD5DAE /* CheckBox.swift in Sources */ = {isa = PBXBuildFile; fileRef = BC712E6E1E5535B800BD5DAE /* CheckBox.swift */; };
		BC712E881E5535B800BD5DAE /* FormTextField.swift in Sources */ = {isa = PBXBuildFile; fileRef = BC712E6F1E5535B800BD5DAE /* FormTextField.swift */; };
		BC712E891E5535B800BD5DAE /* RadioButton.swift in Sources */ = {isa = PBXBuildFile; fileRef = BC712E701E5535B800BD5DAE /* RadioButton.swift */; };
		BC712E8A1E5535B800BD5DAE /* SelectableButton.swift in Sources */ = {isa = PBXBuildFile; fileRef = BC712E711E5535B800BD5DAE /* SelectableButton.swift */; };
		BC712E8C1E5536A000BD5DAE /* FormKitAssets.xcassets in Resources */ = {isa = PBXBuildFile; fileRef = BC712E8B1E5536A000BD5DAE /* FormKitAssets.xcassets */; };
		BC7150A31E56828A0093F958 /* UICollectionView+DefaultReuse.swift in Sources */ = {isa = PBXBuildFile; fileRef = BC71509F1E56828A0093F958 /* UICollectionView+DefaultReuse.swift */; };
		BC7150A41E56828A0093F958 /* UITableView+DefaultReuse.swift in Sources */ = {isa = PBXBuildFile; fileRef = BC7150A01E56828A0093F958 /* UITableView+DefaultReuse.swift */; };
		BC7150A51E56828A0093F958 /* UITableViewCell+LayoutMargins.swift in Sources */ = {isa = PBXBuildFile; fileRef = BC7150A11E56828A0093F958 /* UITableViewCell+LayoutMargins.swift */; };
		BCA68EB21E5AFC5B00CDEF13 /* BorderedImageView.swift in Sources */ = {isa = PBXBuildFile; fileRef = BCA68EB11E5AFC5B00CDEF13 /* BorderedImageView.swift */; };
		BCA68EB41E5B0A4A00CDEF13 /* TestCollectionViewController.swift in Sources */ = {isa = PBXBuildFile; fileRef = BCA68EB31E5B0A4A00CDEF13 /* TestCollectionViewController.swift */; };
		BCD35CA11E5A49B0001B40A1 /* DefaultReusable.swift in Sources */ = {isa = PBXBuildFile; fileRef = BCD35CA01E5A49B0001B40A1 /* DefaultReusable.swift */; };
		BCD35CA31E5A6D6C001B40A1 /* EntityCollectionViewCell.swift in Sources */ = {isa = PBXBuildFile; fileRef = BCD35CA21E5A6D6C001B40A1 /* EntityCollectionViewCell.swift */; };
		BCD35CA51E5A75D4001B40A1 /* FontManager.swift in Sources */ = {isa = PBXBuildFile; fileRef = BCD35CA41E5A75D4001B40A1 /* FontManager.swift */; };
		BCD35CA71E5AA472001B40A1 /* BadgeView.swift in Sources */ = {isa = PBXBuildFile; fileRef = BCD35CA61E5AA472001B40A1 /* BadgeView.swift */; };
		BCEBA1961E5BC1E900FD404D /* SourceLabel.swift in Sources */ = {isa = PBXBuildFile; fileRef = BCEBA1951E5BC1E900FD404D /* SourceLabel.swift */; };
/* End PBXBuildFile section */

/* Begin PBXContainerItemProxy section */
		BC2FA2D41E54023E00E2D0D1 /* PBXContainerItemProxy */ = {
			isa = PBXContainerItemProxy;
			containerPortal = BC2FA2C01E54023E00E2D0D1 /* Project object */;
			proxyType = 1;
			remoteGlobalIDString = BC2FA2C81E54023E00E2D0D1;
			remoteInfo = MPOLKit;
		};
		BC2FA2FB1E54026D00E2D0D1 /* PBXContainerItemProxy */ = {
			isa = PBXContainerItemProxy;
			containerPortal = BC2FA2C01E54023E00E2D0D1 /* Project object */;
			proxyType = 1;
			remoteGlobalIDString = BC2FA2C81E54023E00E2D0D1;
			remoteInfo = MPOLKit;
		};
/* End PBXContainerItemProxy section */

/* Begin PBXCopyFilesBuildPhase section */
		BC2FA2FD1E54026D00E2D0D1 /* Embed Frameworks */ = {
			isa = PBXCopyFilesBuildPhase;
			buildActionMask = 2147483647;
			dstPath = "";
			dstSubfolderSpec = 10;
			files = (
				BC2FA2FA1E54026D00E2D0D1 /* MPOLKit.framework in Embed Frameworks */,
			);
			name = "Embed Frameworks";
			runOnlyForDeploymentPostprocessing = 0;
		};
/* End PBXCopyFilesBuildPhase section */

/* Begin PBXFileReference section */
		BC2152111E5935EA00193086 /* CollectionViewFormStyle.swift */ = {isa = PBXFileReference; fileEncoding = 4; lastKnownFileType = sourcecode.swift; path = CollectionViewFormStyle.swift; sourceTree = "<group>"; };
		BC2152131E5950D500193086 /* CollectionViewFormBoxedStyle.swift */ = {isa = PBXFileReference; fileEncoding = 4; lastKnownFileType = sourcecode.swift; path = CollectionViewFormBoxedStyle.swift; sourceTree = "<group>"; };
		BC2FA2C91E54023E00E2D0D1 /* MPOLKit.framework */ = {isa = PBXFileReference; explicitFileType = wrapper.framework; includeInIndex = 0; path = MPOLKit.framework; sourceTree = BUILT_PRODUCTS_DIR; };
		BC2FA2CC1E54023E00E2D0D1 /* MPOLKit.h */ = {isa = PBXFileReference; lastKnownFileType = sourcecode.c.h; path = MPOLKit.h; sourceTree = "<group>"; };
		BC2FA2CD1E54023E00E2D0D1 /* Info.plist */ = {isa = PBXFileReference; lastKnownFileType = text.plist.xml; path = Info.plist; sourceTree = "<group>"; };
		BC2FA2D21E54023E00E2D0D1 /* MPOLKitTests.xctest */ = {isa = PBXFileReference; explicitFileType = wrapper.cfbundle; includeInIndex = 0; path = MPOLKitTests.xctest; sourceTree = BUILT_PRODUCTS_DIR; };
		BC2FA2D71E54023E00E2D0D1 /* MPOLKitTests.swift */ = {isa = PBXFileReference; lastKnownFileType = sourcecode.swift; path = MPOLKitTests.swift; sourceTree = "<group>"; };
		BC2FA2D91E54023E00E2D0D1 /* Info.plist */ = {isa = PBXFileReference; lastKnownFileType = text.plist.xml; path = Info.plist; sourceTree = "<group>"; };
		BC2FA2E71E54026600E2D0D1 /* MPOLKit Demo.app */ = {isa = PBXFileReference; explicitFileType = wrapper.application; includeInIndex = 0; path = "MPOLKit Demo.app"; sourceTree = BUILT_PRODUCTS_DIR; };
		BC2FA2E91E54026700E2D0D1 /* AppDelegate.swift */ = {isa = PBXFileReference; lastKnownFileType = sourcecode.swift; path = AppDelegate.swift; sourceTree = "<group>"; };
		BC2FA2F01E54026700E2D0D1 /* Assets.xcassets */ = {isa = PBXFileReference; lastKnownFileType = folder.assetcatalog; path = Assets.xcassets; sourceTree = "<group>"; };
		BC2FA2F31E54026700E2D0D1 /* Base */ = {isa = PBXFileReference; lastKnownFileType = file.storyboard; name = Base; path = Base.lproj/LaunchScreen.storyboard; sourceTree = "<group>"; };
		BC2FA2F51E54026700E2D0D1 /* Info.plist */ = {isa = PBXFileReference; lastKnownFileType = text.plist.xml; path = Info.plist; sourceTree = "<group>"; };
		BC691B291E5403B200EC3A20 /* Assets.xcassets */ = {isa = PBXFileReference; lastKnownFileType = folder.assetcatalog; path = Assets.xcassets; sourceTree = "<group>"; };
		BC691B341E54041200EC3A20 /* UIColor+Hex.swift */ = {isa = PBXFileReference; fileEncoding = 4; lastKnownFileType = sourcecode.swift; path = "UIColor+Hex.swift"; sourceTree = "<group>"; };
		BC691B381E54041200EC3A20 /* PushableSplitViewController.swift */ = {isa = PBXFileReference; fileEncoding = 4; lastKnownFileType = sourcecode.swift; path = PushableSplitViewController.swift; sourceTree = "<group>"; };
		BC691B391E54041200EC3A20 /* ScrollViewInsetManager.swift */ = {isa = PBXFileReference; fileEncoding = 4; lastKnownFileType = sourcecode.swift; path = ScrollViewInsetManager.swift; sourceTree = "<group>"; };
		BC691B3B1E54041200EC3A20 /* SidebarItem.swift */ = {isa = PBXFileReference; fileEncoding = 4; lastKnownFileType = sourcecode.swift; path = SidebarItem.swift; sourceTree = "<group>"; };
		BC691B3C1E54041200EC3A20 /* SidebarSourceItem.swift */ = {isa = PBXFileReference; fileEncoding = 4; lastKnownFileType = sourcecode.swift; path = SidebarSourceItem.swift; sourceTree = "<group>"; };
		BC691B3D1E54041200EC3A20 /* SidebarSplitViewController.swift */ = {isa = PBXFileReference; fileEncoding = 4; lastKnownFileType = sourcecode.swift; path = SidebarSplitViewController.swift; sourceTree = "<group>"; };
		BC691B3E1E54041200EC3A20 /* SidebarTableViewCell.swift */ = {isa = PBXFileReference; fileEncoding = 4; lastKnownFileType = sourcecode.swift; path = SidebarTableViewCell.swift; sourceTree = "<group>"; };
		BC691B3F1E54041200EC3A20 /* SidebarViewController.swift */ = {isa = PBXFileReference; fileEncoding = 4; lastKnownFileType = sourcecode.swift; path = SidebarViewController.swift; sourceTree = "<group>"; };
		BC691B401E54041200EC3A20 /* SourceTableViewCell.swift */ = {isa = PBXFileReference; fileEncoding = 4; lastKnownFileType = sourcecode.swift; path = SourceTableViewCell.swift; sourceTree = "<group>"; };
		BC691B411E54041200EC3A20 /* Theme.swift */ = {isa = PBXFileReference; fileEncoding = 4; lastKnownFileType = sourcecode.swift; path = Theme.swift; sourceTree = "<group>"; };
		BC691B511E54043700EC3A20 /* ThemePack.json */ = {isa = PBXFileReference; fileEncoding = 4; lastKnownFileType = text.json; path = ThemePack.json; sourceTree = "<group>"; };
		BC691B531E54046C00EC3A20 /* PushableTestViewController.swift */ = {isa = PBXFileReference; fileEncoding = 4; lastKnownFileType = sourcecode.swift; path = PushableTestViewController.swift; sourceTree = "<group>"; };
		BC712E551E5535B800BD5DAE /* CollectionViewFormCell.swift */ = {isa = PBXFileReference; fileEncoding = 4; lastKnownFileType = sourcecode.swift; path = CollectionViewFormCell.swift; sourceTree = "<group>"; };
		BC712E561E5535B800BD5DAE /* CollectionViewFormCheckboxCell.swift */ = {isa = PBXFileReference; fileEncoding = 4; lastKnownFileType = sourcecode.swift; path = CollectionViewFormCheckboxCell.swift; sourceTree = "<group>"; };
		BC712E571E5535B800BD5DAE /* CollectionViewFormDecorationView.swift */ = {isa = PBXFileReference; fileEncoding = 4; lastKnownFileType = sourcecode.swift; path = CollectionViewFormDecorationView.swift; sourceTree = "<group>"; };
		BC712E581E5535B800BD5DAE /* CollectionViewFormEditAction.swift */ = {isa = PBXFileReference; fileEncoding = 4; lastKnownFileType = sourcecode.swift; path = CollectionViewFormEditAction.swift; sourceTree = "<group>"; };
		BC712E591E5535B800BD5DAE /* CollectionViewFormRadioButtonCell.swift */ = {isa = PBXFileReference; fileEncoding = 4; lastKnownFileType = sourcecode.swift; path = CollectionViewFormRadioButtonCell.swift; sourceTree = "<group>"; };
		BC712E5A1E5535B800BD5DAE /* CollectionViewFormSubtitleCell.swift */ = {isa = PBXFileReference; fileEncoding = 4; lastKnownFileType = sourcecode.swift; path = CollectionViewFormSubtitleCell.swift; sourceTree = "<group>"; };
		BC712E5B1E5535B800BD5DAE /* CollectionViewFormTextFieldCell.swift */ = {isa = PBXFileReference; fileEncoding = 4; lastKnownFileType = sourcecode.swift; path = CollectionViewFormTextFieldCell.swift; sourceTree = "<group>"; };
		BC712E5C1E5535B800BD5DAE /* CollectionViewFormTextViewCell.swift */ = {isa = PBXFileReference; fileEncoding = 4; lastKnownFileType = sourcecode.swift; path = CollectionViewFormTextViewCell.swift; sourceTree = "<group>"; };
		BC712E5E1E5535B800BD5DAE /* CoreGraphics+Rounding.swift */ = {isa = PBXFileReference; fileEncoding = 4; lastKnownFileType = sourcecode.swift; path = "CoreGraphics+Rounding.swift"; sourceTree = "<group>"; };
		BC712E5F1E5535B800BD5DAE /* NSLayoutConstraint+Conveniences.swift */ = {isa = PBXFileReference; fileEncoding = 4; lastKnownFileType = sourcecode.swift; path = "NSLayoutConstraint+Conveniences.swift"; sourceTree = "<group>"; };
		BC712E601E5535B800BD5DAE /* UIColor+ActionColors.swift */ = {isa = PBXFileReference; fileEncoding = 4; lastKnownFileType = sourcecode.swift; path = "UIColor+ActionColors.swift"; sourceTree = "<group>"; };
		BC712E611E5535B800BD5DAE /* UIEdgeInsets+InverseAndInset.swift */ = {isa = PBXFileReference; fileEncoding = 4; lastKnownFileType = sourcecode.swift; path = "UIEdgeInsets+InverseAndInset.swift"; sourceTree = "<group>"; };
		BC712E621E5535B800BD5DAE /* UIImage+FormKitDefaults.swift */ = {isa = PBXFileReference; fileEncoding = 4; lastKnownFileType = sourcecode.swift; path = "UIImage+FormKitDefaults.swift"; sourceTree = "<group>"; };
		BC712E631E5535B800BD5DAE /* UIScreen+SinglePixel.swift */ = {isa = PBXFileReference; fileEncoding = 4; lastKnownFileType = sourcecode.swift; path = "UIScreen+SinglePixel.swift"; sourceTree = "<group>"; };
		BC712E651E5535B800BD5DAE /* CollectionViewFormAttributes.swift */ = {isa = PBXFileReference; fileEncoding = 4; lastKnownFileType = sourcecode.swift; path = CollectionViewFormAttributes.swift; sourceTree = "<group>"; };
		BC712E661E5535B800BD5DAE /* CollectionViewFormLayout.swift */ = {isa = PBXFileReference; fileEncoding = 4; lastKnownFileType = sourcecode.swift; path = CollectionViewFormLayout.swift; sourceTree = "<group>"; };
		BC712E681E5535B800BD5DAE /* TableViewFormCell.swift */ = {isa = PBXFileReference; fileEncoding = 4; lastKnownFileType = sourcecode.swift; path = TableViewFormCell.swift; sourceTree = "<group>"; };
		BC712E691E5535B800BD5DAE /* TableViewFormCheckboxCell.swift */ = {isa = PBXFileReference; fileEncoding = 4; lastKnownFileType = sourcecode.swift; path = TableViewFormCheckboxCell.swift; sourceTree = "<group>"; };
		BC712E6A1E5535B800BD5DAE /* TableViewFormSubtitleCell.swift */ = {isa = PBXFileReference; fileEncoding = 4; lastKnownFileType = sourcecode.swift; path = TableViewFormSubtitleCell.swift; sourceTree = "<group>"; };
		BC712E6B1E5535B800BD5DAE /* TableViewFormTextFieldCell.swift */ = {isa = PBXFileReference; fileEncoding = 4; lastKnownFileType = sourcecode.swift; path = TableViewFormTextFieldCell.swift; sourceTree = "<group>"; };
		BC712E6C1E5535B800BD5DAE /* TableViewFormTextViewCell.swift */ = {isa = PBXFileReference; fileEncoding = 4; lastKnownFileType = sourcecode.swift; path = TableViewFormTextViewCell.swift; sourceTree = "<group>"; };
		BC712E6E1E5535B800BD5DAE /* CheckBox.swift */ = {isa = PBXFileReference; fileEncoding = 4; lastKnownFileType = sourcecode.swift; path = CheckBox.swift; sourceTree = "<group>"; };
		BC712E6F1E5535B800BD5DAE /* FormTextField.swift */ = {isa = PBXFileReference; fileEncoding = 4; lastKnownFileType = sourcecode.swift; path = FormTextField.swift; sourceTree = "<group>"; };
		BC712E701E5535B800BD5DAE /* RadioButton.swift */ = {isa = PBXFileReference; fileEncoding = 4; lastKnownFileType = sourcecode.swift; path = RadioButton.swift; sourceTree = "<group>"; };
		BC712E711E5535B800BD5DAE /* SelectableButton.swift */ = {isa = PBXFileReference; fileEncoding = 4; lastKnownFileType = sourcecode.swift; path = SelectableButton.swift; sourceTree = "<group>"; };
		BC712E8B1E5536A000BD5DAE /* FormKitAssets.xcassets */ = {isa = PBXFileReference; lastKnownFileType = folder.assetcatalog; path = FormKitAssets.xcassets; sourceTree = "<group>"; };
		BC71509F1E56828A0093F958 /* UICollectionView+DefaultReuse.swift */ = {isa = PBXFileReference; fileEncoding = 4; lastKnownFileType = sourcecode.swift; path = "UICollectionView+DefaultReuse.swift"; sourceTree = "<group>"; };
		BC7150A01E56828A0093F958 /* UITableView+DefaultReuse.swift */ = {isa = PBXFileReference; fileEncoding = 4; lastKnownFileType = sourcecode.swift; path = "UITableView+DefaultReuse.swift"; sourceTree = "<group>"; };
		BC7150A11E56828A0093F958 /* UITableViewCell+LayoutMargins.swift */ = {isa = PBXFileReference; fileEncoding = 4; lastKnownFileType = sourcecode.swift; path = "UITableViewCell+LayoutMargins.swift"; sourceTree = "<group>"; };
		BCA68EB11E5AFC5B00CDEF13 /* BorderedImageView.swift */ = {isa = PBXFileReference; fileEncoding = 4; lastKnownFileType = sourcecode.swift; path = BorderedImageView.swift; sourceTree = "<group>"; };
		BCA68EB31E5B0A4A00CDEF13 /* TestCollectionViewController.swift */ = {isa = PBXFileReference; fileEncoding = 4; lastKnownFileType = sourcecode.swift; path = TestCollectionViewController.swift; sourceTree = "<group>"; };
		BCD35CA01E5A49B0001B40A1 /* DefaultReusable.swift */ = {isa = PBXFileReference; fileEncoding = 4; lastKnownFileType = sourcecode.swift; name = DefaultReusable.swift; path = Protocols/DefaultReusable.swift; sourceTree = "<group>"; };
		BCD35CA21E5A6D6C001B40A1 /* EntityCollectionViewCell.swift */ = {isa = PBXFileReference; fileEncoding = 4; lastKnownFileType = sourcecode.swift; path = EntityCollectionViewCell.swift; sourceTree = "<group>"; };
		BCD35CA41E5A75D4001B40A1 /* FontManager.swift */ = {isa = PBXFileReference; fileEncoding = 4; lastKnownFileType = sourcecode.swift; path = FontManager.swift; sourceTree = "<group>"; };
		BCD35CA61E5AA472001B40A1 /* BadgeView.swift */ = {isa = PBXFileReference; fileEncoding = 4; lastKnownFileType = sourcecode.swift; path = BadgeView.swift; sourceTree = "<group>"; };
		BCEBA1951E5BC1E900FD404D /* SourceLabel.swift */ = {isa = PBXFileReference; fileEncoding = 4; lastKnownFileType = sourcecode.swift; path = SourceLabel.swift; sourceTree = "<group>"; };
/* End PBXFileReference section */

/* Begin PBXFrameworksBuildPhase section */
		BC2FA2C51E54023E00E2D0D1 /* Frameworks */ = {
			isa = PBXFrameworksBuildPhase;
			buildActionMask = 2147483647;
			files = (
			);
			runOnlyForDeploymentPostprocessing = 0;
		};
		BC2FA2CF1E54023E00E2D0D1 /* Frameworks */ = {
			isa = PBXFrameworksBuildPhase;
			buildActionMask = 2147483647;
			files = (
				BC2FA2D31E54023E00E2D0D1 /* MPOLKit.framework in Frameworks */,
			);
			runOnlyForDeploymentPostprocessing = 0;
		};
		BC2FA2E41E54026600E2D0D1 /* Frameworks */ = {
			isa = PBXFrameworksBuildPhase;
			buildActionMask = 2147483647;
			files = (
				BC2FA2F91E54026D00E2D0D1 /* MPOLKit.framework in Frameworks */,
			);
			runOnlyForDeploymentPostprocessing = 0;
		};
/* End PBXFrameworksBuildPhase section */

/* Begin PBXGroup section */
		BC2FA2BF1E54023E00E2D0D1 = {
			isa = PBXGroup;
			children = (
				BC2FA2CB1E54023E00E2D0D1 /* MPOLKit */,
				BC2FA2D61E54023E00E2D0D1 /* MPOLKitTests */,
				BC2FA2E81E54026700E2D0D1 /* MPOLKit Demo */,
				BC2FA2CA1E54023E00E2D0D1 /* Products */,
			);
			sourceTree = "<group>";
		};
		BC2FA2CA1E54023E00E2D0D1 /* Products */ = {
			isa = PBXGroup;
			children = (
				BC2FA2C91E54023E00E2D0D1 /* MPOLKit.framework */,
				BC2FA2D21E54023E00E2D0D1 /* MPOLKitTests.xctest */,
				BC2FA2E71E54026600E2D0D1 /* MPOLKit Demo.app */,
			);
			name = Products;
			sourceTree = "<group>";
		};
		BC2FA2CB1E54023E00E2D0D1 /* MPOLKit */ = {
			isa = PBXGroup;
			children = (
				BC2FA2CC1E54023E00E2D0D1 /* MPOLKit.h */,
				BC712E8D1E55446900BD5DAE /* Core */,
				BC691B301E54041200EC3A20 /* UI */,
				BC712E1D1E55348B00BD5DAE /* FormKit */,
				BC691B291E5403B200EC3A20 /* Assets.xcassets */,
				BC2FA2CD1E54023E00E2D0D1 /* Info.plist */,
				BC691B511E54043700EC3A20 /* ThemePack.json */,
			);
			path = MPOLKit;
			sourceTree = "<group>";
		};
		BC2FA2D61E54023E00E2D0D1 /* MPOLKitTests */ = {
			isa = PBXGroup;
			children = (
				BC2FA2D71E54023E00E2D0D1 /* MPOLKitTests.swift */,
				BC2FA2D91E54023E00E2D0D1 /* Info.plist */,
			);
			path = MPOLKitTests;
			sourceTree = "<group>";
		};
		BC2FA2E81E54026700E2D0D1 /* MPOLKit Demo */ = {
			isa = PBXGroup;
			children = (
				BC2FA2E91E54026700E2D0D1 /* AppDelegate.swift */,
				BC691B531E54046C00EC3A20 /* PushableTestViewController.swift */,
				BCA68EB31E5B0A4A00CDEF13 /* TestCollectionViewController.swift */,
				BC2FA2F01E54026700E2D0D1 /* Assets.xcassets */,
				BC2FA2F21E54026700E2D0D1 /* LaunchScreen.storyboard */,
				BC2FA2F51E54026700E2D0D1 /* Info.plist */,
			);
			path = "MPOLKit Demo";
			sourceTree = "<group>";
		};
		BC691B301E54041200EC3A20 /* UI */ = {
			isa = PBXGroup;
			children = (
				BCD35CA61E5AA472001B40A1 /* BadgeView.swift */,
				BCA68EB11E5AFC5B00CDEF13 /* BorderedImageView.swift */,
				BCD35CA21E5A6D6C001B40A1 /* EntityCollectionViewCell.swift */,
				BCD35CA41E5A75D4001B40A1 /* FontManager.swift */,
				BC691B381E54041200EC3A20 /* PushableSplitViewController.swift */,
				BC691B391E54041200EC3A20 /* ScrollViewInsetManager.swift */,
				BC691B3A1E54041200EC3A20 /* Sidebar */,
				BCEBA1951E5BC1E900FD404D /* SourceLabel.swift */,
				BC691B411E54041200EC3A20 /* Theme.swift */,
				BC691B311E54041200EC3A20 /* Extensions */,
			);
			path = UI;
			sourceTree = "<group>";
		};
		BC691B311E54041200EC3A20 /* Extensions */ = {
			isa = PBXGroup;
			children = (
				BC691B341E54041200EC3A20 /* UIColor+Hex.swift */,
			);
			path = Extensions;
			sourceTree = "<group>";
		};
		BC691B3A1E54041200EC3A20 /* Sidebar */ = {
			isa = PBXGroup;
			children = (
				BC691B3D1E54041200EC3A20 /* SidebarSplitViewController.swift */,
				BC691B3F1E54041200EC3A20 /* SidebarViewController.swift */,
				BC691B3B1E54041200EC3A20 /* SidebarItem.swift */,
				BC691B3C1E54041200EC3A20 /* SidebarSourceItem.swift */,
				BC691B3E1E54041200EC3A20 /* SidebarTableViewCell.swift */,
				BC691B401E54041200EC3A20 /* SourceTableViewCell.swift */,
			);
			path = Sidebar;
			sourceTree = "<group>";
		};
		BC712E1D1E55348B00BD5DAE /* FormKit */ = {
			isa = PBXGroup;
			children = (
				BC712E8B1E5536A000BD5DAE /* FormKitAssets.xcassets */,
				BC712E641E5535B800BD5DAE /* Layout */,
				BC712E541E5535B800BD5DAE /* Collection Reusable Views */,
				BC712E671E5535B800BD5DAE /* Table View Cells */,
				BC712E6D1E5535B800BD5DAE /* Views */,
				BCD35C9D1E5A462A001B40A1 /* Protocols */,
				BC712E5D1E5535B800BD5DAE /* Extensions */,
			);
			path = FormKit;
			sourceTree = "<group>";
		};
		BC712E541E5535B800BD5DAE /* Collection Reusable Views */ = {
			isa = PBXGroup;
			children = (
				BC712E551E5535B800BD5DAE /* CollectionViewFormCell.swift */,
				BC712E561E5535B800BD5DAE /* CollectionViewFormCheckboxCell.swift */,
				BC712E571E5535B800BD5DAE /* CollectionViewFormDecorationView.swift */,
				BC712E581E5535B800BD5DAE /* CollectionViewFormEditAction.swift */,
				BC712E591E5535B800BD5DAE /* CollectionViewFormRadioButtonCell.swift */,
				BC712E5A1E5535B800BD5DAE /* CollectionViewFormSubtitleCell.swift */,
				BC712E5B1E5535B800BD5DAE /* CollectionViewFormTextFieldCell.swift */,
				BC712E5C1E5535B800BD5DAE /* CollectionViewFormTextViewCell.swift */,
			);
			path = "Collection Reusable Views";
			sourceTree = "<group>";
		};
		BC712E5D1E5535B800BD5DAE /* Extensions */ = {
			isa = PBXGroup;
			children = (
				BC712E5E1E5535B800BD5DAE /* CoreGraphics+Rounding.swift */,
				BC712E5F1E5535B800BD5DAE /* NSLayoutConstraint+Conveniences.swift */,
				BC71509F1E56828A0093F958 /* UICollectionView+DefaultReuse.swift */,
				BC712E601E5535B800BD5DAE /* UIColor+ActionColors.swift */,
				BC712E611E5535B800BD5DAE /* UIEdgeInsets+InverseAndInset.swift */,
				BC712E621E5535B800BD5DAE /* UIImage+FormKitDefaults.swift */,
				BC712E631E5535B800BD5DAE /* UIScreen+SinglePixel.swift */,
				BC7150A01E56828A0093F958 /* UITableView+DefaultReuse.swift */,
				BC7150A11E56828A0093F958 /* UITableViewCell+LayoutMargins.swift */,
			);
			path = Extensions;
			sourceTree = "<group>";
		};
		BC712E641E5535B800BD5DAE /* Layout */ = {
			isa = PBXGroup;
			children = (
				BC712E661E5535B800BD5DAE /* CollectionViewFormLayout.swift */,
				BC2152111E5935EA00193086 /* CollectionViewFormStyle.swift */,
				BC2152131E5950D500193086 /* CollectionViewFormBoxedStyle.swift */,
				BC712E651E5535B800BD5DAE /* CollectionViewFormAttributes.swift */,
			);
			path = Layout;
			sourceTree = "<group>";
		};
		BC712E671E5535B800BD5DAE /* Table View Cells */ = {
			isa = PBXGroup;
			children = (
				BC712E681E5535B800BD5DAE /* TableViewFormCell.swift */,
				BC712E691E5535B800BD5DAE /* TableViewFormCheckboxCell.swift */,
				BC712E6A1E5535B800BD5DAE /* TableViewFormSubtitleCell.swift */,
				BC712E6B1E5535B800BD5DAE /* TableViewFormTextFieldCell.swift */,
				BC712E6C1E5535B800BD5DAE /* TableViewFormTextViewCell.swift */,
			);
			path = "Table View Cells";
			sourceTree = "<group>";
		};
		BC712E6D1E5535B800BD5DAE /* Views */ = {
			isa = PBXGroup;
			children = (
				BC712E6E1E5535B800BD5DAE /* CheckBox.swift */,
				BC712E6F1E5535B800BD5DAE /* FormTextField.swift */,
				BC712E701E5535B800BD5DAE /* RadioButton.swift */,
				BC712E711E5535B800BD5DAE /* SelectableButton.swift */,
			);
			path = Views;
			sourceTree = "<group>";
		};
		BC712E8D1E55446900BD5DAE /* Core */ = {
			isa = PBXGroup;
			children = (
			);
			name = Core;
			path = UI;
			sourceTree = "<group>";
		};
		BCD35C9D1E5A462A001B40A1 /* Protocols */ = {
			isa = PBXGroup;
			children = (
				BCD35CA01E5A49B0001B40A1 /* DefaultReusable.swift */,
			);
			name = Protocols;
			sourceTree = "<group>";
		};
/* End PBXGroup section */

/* Begin PBXHeadersBuildPhase section */
		BC2FA2C61E54023E00E2D0D1 /* Headers */ = {
			isa = PBXHeadersBuildPhase;
			buildActionMask = 2147483647;
			files = (
				BC2FA2DA1E54023E00E2D0D1 /* MPOLKit.h in Headers */,
			);
			runOnlyForDeploymentPostprocessing = 0;
		};
/* End PBXHeadersBuildPhase section */

/* Begin PBXNativeTarget section */
		BC2FA2C81E54023E00E2D0D1 /* MPOLKit */ = {
			isa = PBXNativeTarget;
			buildConfigurationList = BC2FA2DD1E54023E00E2D0D1 /* Build configuration list for PBXNativeTarget "MPOLKit" */;
			buildPhases = (
				BC2FA2C41E54023E00E2D0D1 /* Sources */,
				BC2FA2C51E54023E00E2D0D1 /* Frameworks */,
				BC2FA2C61E54023E00E2D0D1 /* Headers */,
				BC2FA2C71E54023E00E2D0D1 /* Resources */,
			);
			buildRules = (
			);
			dependencies = (
			);
			name = MPOLKit;
			productName = MPOLKit;
			productReference = BC2FA2C91E54023E00E2D0D1 /* MPOLKit.framework */;
			productType = "com.apple.product-type.framework";
		};
		BC2FA2D11E54023E00E2D0D1 /* MPOLKitTests */ = {
			isa = PBXNativeTarget;
			buildConfigurationList = BC2FA2E01E54023E00E2D0D1 /* Build configuration list for PBXNativeTarget "MPOLKitTests" */;
			buildPhases = (
				BC2FA2CE1E54023E00E2D0D1 /* Sources */,
				BC2FA2CF1E54023E00E2D0D1 /* Frameworks */,
				BC2FA2D01E54023E00E2D0D1 /* Resources */,
			);
			buildRules = (
			);
			dependencies = (
				BC2FA2D51E54023E00E2D0D1 /* PBXTargetDependency */,
			);
			name = MPOLKitTests;
			productName = MPOLKitTests;
			productReference = BC2FA2D21E54023E00E2D0D1 /* MPOLKitTests.xctest */;
			productType = "com.apple.product-type.bundle.unit-test";
		};
		BC2FA2E61E54026600E2D0D1 /* MPOLKit Demo */ = {
			isa = PBXNativeTarget;
			buildConfigurationList = BC2FA2F61E54026700E2D0D1 /* Build configuration list for PBXNativeTarget "MPOLKit Demo" */;
			buildPhases = (
				BC2FA2E31E54026600E2D0D1 /* Sources */,
				BC2FA2E41E54026600E2D0D1 /* Frameworks */,
				BC2FA2E51E54026600E2D0D1 /* Resources */,
				BC2FA2FD1E54026D00E2D0D1 /* Embed Frameworks */,
			);
			buildRules = (
			);
			dependencies = (
				BC2FA2FC1E54026D00E2D0D1 /* PBXTargetDependency */,
			);
			name = "MPOLKit Demo";
			productName = "MPOLKit Demo";
			productReference = BC2FA2E71E54026600E2D0D1 /* MPOLKit Demo.app */;
			productType = "com.apple.product-type.application";
		};
/* End PBXNativeTarget section */

/* Begin PBXProject section */
		BC2FA2C01E54023E00E2D0D1 /* Project object */ = {
			isa = PBXProject;
			attributes = {
				LastSwiftUpdateCheck = 0830;
				LastUpgradeCheck = 0830;
				ORGANIZATIONNAME = Gridstone;
				TargetAttributes = {
					BC2FA2C81E54023E00E2D0D1 = {
						CreatedOnToolsVersion = 8.3;
						DevelopmentTeam = FNW7L4X44S;
						ProvisioningStyle = Automatic;
					};
					BC2FA2D11E54023E00E2D0D1 = {
						CreatedOnToolsVersion = 8.3;
						DevelopmentTeam = FNW7L4X44S;
						ProvisioningStyle = Automatic;
					};
					BC2FA2E61E54026600E2D0D1 = {
						CreatedOnToolsVersion = 8.3;
						DevelopmentTeam = FNW7L4X44S;
						ProvisioningStyle = Automatic;
					};
				};
			};
			buildConfigurationList = BC2FA2C31E54023E00E2D0D1 /* Build configuration list for PBXProject "MPOLKit" */;
			compatibilityVersion = "Xcode 3.2";
			developmentRegion = English;
			hasScannedForEncodings = 0;
			knownRegions = (
				en,
				Base,
			);
			mainGroup = BC2FA2BF1E54023E00E2D0D1;
			productRefGroup = BC2FA2CA1E54023E00E2D0D1 /* Products */;
			projectDirPath = "";
			projectRoot = "";
			targets = (
				BC2FA2C81E54023E00E2D0D1 /* MPOLKit */,
				BC2FA2D11E54023E00E2D0D1 /* MPOLKitTests */,
				BC2FA2E61E54026600E2D0D1 /* MPOLKit Demo */,
			);
		};
/* End PBXProject section */

/* Begin PBXResourcesBuildPhase section */
		BC2FA2C71E54023E00E2D0D1 /* Resources */ = {
			isa = PBXResourcesBuildPhase;
			buildActionMask = 2147483647;
			files = (
				BC712E8C1E5536A000BD5DAE /* FormKitAssets.xcassets in Resources */,
				BC691B521E54043700EC3A20 /* ThemePack.json in Resources */,
				BC691B2A1E5403B200EC3A20 /* Assets.xcassets in Resources */,
			);
			runOnlyForDeploymentPostprocessing = 0;
		};
		BC2FA2D01E54023E00E2D0D1 /* Resources */ = {
			isa = PBXResourcesBuildPhase;
			buildActionMask = 2147483647;
			files = (
			);
			runOnlyForDeploymentPostprocessing = 0;
		};
		BC2FA2E51E54026600E2D0D1 /* Resources */ = {
			isa = PBXResourcesBuildPhase;
			buildActionMask = 2147483647;
			files = (
				BC2FA2F41E54026700E2D0D1 /* LaunchScreen.storyboard in Resources */,
				BC2FA2F11E54026700E2D0D1 /* Assets.xcassets in Resources */,
			);
			runOnlyForDeploymentPostprocessing = 0;
		};
/* End PBXResourcesBuildPhase section */

/* Begin PBXSourcesBuildPhase section */
		BC2FA2C41E54023E00E2D0D1 /* Sources */ = {
			isa = PBXSourcesBuildPhase;
			buildActionMask = 2147483647;
			files = (
				BC712E861E5535B800BD5DAE /* TableViewFormTextViewCell.swift in Sources */,
				BC691B4A1E54041200EC3A20 /* SidebarItem.swift in Sources */,
				BC712E731E5535B800BD5DAE /* CollectionViewFormCheckboxCell.swift in Sources */,
				BC712E851E5535B800BD5DAE /* TableViewFormTextFieldCell.swift in Sources */,
				BC712E781E5535B800BD5DAE /* CollectionViewFormTextFieldCell.swift in Sources */,
				BC712E891E5535B800BD5DAE /* RadioButton.swift in Sources */,
				BC691B441E54041200EC3A20 /* UIColor+Hex.swift in Sources */,
				BC712E791E5535B800BD5DAE /* CollectionViewFormTextViewCell.swift in Sources */,
				BC7150A41E56828A0093F958 /* UITableView+DefaultReuse.swift in Sources */,
				BC712E751E5535B800BD5DAE /* CollectionViewFormEditAction.swift in Sources */,
				BC712E741E5535B800BD5DAE /* CollectionViewFormDecorationView.swift in Sources */,
				BC712E821E5535B800BD5DAE /* TableViewFormCell.swift in Sources */,
				BCD35CA31E5A6D6C001B40A1 /* EntityCollectionViewCell.swift in Sources */,
				BC712E761E5535B800BD5DAE /* CollectionViewFormRadioButtonCell.swift in Sources */,
				BC712E7C1E5535B800BD5DAE /* UIColor+ActionColors.swift in Sources */,
				BC2152121E5935EA00193086 /* CollectionViewFormStyle.swift in Sources */,
				BC691B4D1E54041200EC3A20 /* SidebarTableViewCell.swift in Sources */,
				BC691B4C1E54041200EC3A20 /* SidebarSplitViewController.swift in Sources */,
				BC712E7B1E5535B800BD5DAE /* NSLayoutConstraint+Conveniences.swift in Sources */,
				BC2152141E5950D500193086 /* CollectionViewFormBoxedStyle.swift in Sources */,
				BC712E7A1E5535B800BD5DAE /* CoreGraphics+Rounding.swift in Sources */,
				BC712E811E5535B800BD5DAE /* CollectionViewFormLayout.swift in Sources */,
				BC712E871E5535B800BD5DAE /* CheckBox.swift in Sources */,
				BC712E7D1E5535B800BD5DAE /* UIEdgeInsets+InverseAndInset.swift in Sources */,
				BC712E7F1E5535B800BD5DAE /* UIScreen+SinglePixel.swift in Sources */,
				BC7150A51E56828A0093F958 /* UITableViewCell+LayoutMargins.swift in Sources */,
				BC712E8A1E5535B800BD5DAE /* SelectableButton.swift in Sources */,
				BC712E841E5535B800BD5DAE /* TableViewFormSubtitleCell.swift in Sources */,
				BC691B4B1E54041200EC3A20 /* SidebarSourceItem.swift in Sources */,
				BC7150A31E56828A0093F958 /* UICollectionView+DefaultReuse.swift in Sources */,
				BCD35CA51E5A75D4001B40A1 /* FontManager.swift in Sources */,
				BC712E721E5535B800BD5DAE /* CollectionViewFormCell.swift in Sources */,
				BCA68EB21E5AFC5B00CDEF13 /* BorderedImageView.swift in Sources */,
				BC712E801E5535B800BD5DAE /* CollectionViewFormAttributes.swift in Sources */,
				BC712E831E5535B800BD5DAE /* TableViewFormCheckboxCell.swift in Sources */,
				BC712E771E5535B800BD5DAE /* CollectionViewFormSubtitleCell.swift in Sources */,
				BCD35CA11E5A49B0001B40A1 /* DefaultReusable.swift in Sources */,
				BC691B4F1E54041200EC3A20 /* SourceTableViewCell.swift in Sources */,
				BC691B481E54041200EC3A20 /* PushableSplitViewController.swift in Sources */,
				BCEBA1961E5BC1E900FD404D /* SourceLabel.swift in Sources */,
				BCD35CA71E5AA472001B40A1 /* BadgeView.swift in Sources */,
				BC691B501E54041200EC3A20 /* Theme.swift in Sources */,
				BC712E881E5535B800BD5DAE /* FormTextField.swift in Sources */,
				BC712E7E1E5535B800BD5DAE /* UIImage+FormKitDefaults.swift in Sources */,
				BC691B4E1E54041200EC3A20 /* SidebarViewController.swift in Sources */,
				BC691B491E54041200EC3A20 /* ScrollViewInsetManager.swift in Sources */,
			);
			runOnlyForDeploymentPostprocessing = 0;
		};
		BC2FA2CE1E54023E00E2D0D1 /* Sources */ = {
			isa = PBXSourcesBuildPhase;
			buildActionMask = 2147483647;
			files = (
				BC2FA2D81E54023E00E2D0D1 /* MPOLKitTests.swift in Sources */,
			);
			runOnlyForDeploymentPostprocessing = 0;
		};
		BC2FA2E31E54026600E2D0D1 /* Sources */ = {
			isa = PBXSourcesBuildPhase;
			buildActionMask = 2147483647;
			files = (
				BC691B541E54046C00EC3A20 /* PushableTestViewController.swift in Sources */,
				BCA68EB41E5B0A4A00CDEF13 /* TestCollectionViewController.swift in Sources */,
				BC2FA2EA1E54026700E2D0D1 /* AppDelegate.swift in Sources */,
			);
			runOnlyForDeploymentPostprocessing = 0;
		};
/* End PBXSourcesBuildPhase section */

/* Begin PBXTargetDependency section */
		BC2FA2D51E54023E00E2D0D1 /* PBXTargetDependency */ = {
			isa = PBXTargetDependency;
			target = BC2FA2C81E54023E00E2D0D1 /* MPOLKit */;
			targetProxy = BC2FA2D41E54023E00E2D0D1 /* PBXContainerItemProxy */;
		};
		BC2FA2FC1E54026D00E2D0D1 /* PBXTargetDependency */ = {
			isa = PBXTargetDependency;
			target = BC2FA2C81E54023E00E2D0D1 /* MPOLKit */;
			targetProxy = BC2FA2FB1E54026D00E2D0D1 /* PBXContainerItemProxy */;
		};
/* End PBXTargetDependency section */

/* Begin PBXVariantGroup section */
		BC2FA2F21E54026700E2D0D1 /* LaunchScreen.storyboard */ = {
			isa = PBXVariantGroup;
			children = (
				BC2FA2F31E54026700E2D0D1 /* Base */,
			);
			name = LaunchScreen.storyboard;
			sourceTree = "<group>";
		};
/* End PBXVariantGroup section */

/* Begin XCBuildConfiguration section */
		BC2FA2DB1E54023E00E2D0D1 /* Debug */ = {
			isa = XCBuildConfiguration;
			buildSettings = {
				ALWAYS_SEARCH_USER_PATHS = NO;
				CLANG_ANALYZER_NONNULL = YES;
				CLANG_ANALYZER_NUMBER_OBJECT_CONVERSION = YES_AGGRESSIVE;
				CLANG_CXX_LANGUAGE_STANDARD = "gnu++0x";
				CLANG_CXX_LIBRARY = "libc++";
				CLANG_ENABLE_MODULES = YES;
				CLANG_ENABLE_OBJC_ARC = YES;
				CLANG_WARN_BOOL_CONVERSION = YES;
				CLANG_WARN_CONSTANT_CONVERSION = YES;
				CLANG_WARN_DIRECT_OBJC_ISA_USAGE = YES_ERROR;
				CLANG_WARN_DOCUMENTATION_COMMENTS = YES;
				CLANG_WARN_EMPTY_BODY = YES;
				CLANG_WARN_ENUM_CONVERSION = YES;
				CLANG_WARN_INFINITE_RECURSION = YES;
				CLANG_WARN_INT_CONVERSION = YES;
				CLANG_WARN_OBJC_ROOT_CLASS = YES_ERROR;
				CLANG_WARN_SUSPICIOUS_MOVE = YES;
				CLANG_WARN_UNREACHABLE_CODE = YES;
				CLANG_WARN__DUPLICATE_METHOD_MATCH = YES;
				"CODE_SIGN_IDENTITY[sdk=iphoneos*]" = "iPhone Developer";
				COPY_PHASE_STRIP = NO;
				CURRENT_PROJECT_VERSION = 1;
				DEBUG_INFORMATION_FORMAT = dwarf;
				ENABLE_STRICT_OBJC_MSGSEND = YES;
				ENABLE_TESTABILITY = YES;
				GCC_C_LANGUAGE_STANDARD = gnu99;
				GCC_DYNAMIC_NO_PIC = NO;
				GCC_NO_COMMON_BLOCKS = YES;
				GCC_OPTIMIZATION_LEVEL = 0;
				GCC_PREPROCESSOR_DEFINITIONS = (
					"DEBUG=1",
					"$(inherited)",
				);
				GCC_WARN_64_TO_32_BIT_CONVERSION = YES;
				GCC_WARN_ABOUT_RETURN_TYPE = YES_ERROR;
				GCC_WARN_UNDECLARED_SELECTOR = YES;
				GCC_WARN_UNINITIALIZED_AUTOS = YES_AGGRESSIVE;
				GCC_WARN_UNUSED_FUNCTION = YES;
				GCC_WARN_UNUSED_VARIABLE = YES;
				IPHONEOS_DEPLOYMENT_TARGET = 10.3;
				MTL_ENABLE_DEBUG_INFO = YES;
				ONLY_ACTIVE_ARCH = YES;
				SDKROOT = iphoneos;
				SWIFT_ACTIVE_COMPILATION_CONDITIONS = DEBUG;
				SWIFT_OPTIMIZATION_LEVEL = "-Onone";
				TARGETED_DEVICE_FAMILY = "1,2";
				VERSIONING_SYSTEM = "apple-generic";
				VERSION_INFO_PREFIX = "";
			};
			name = Debug;
		};
		BC2FA2DC1E54023E00E2D0D1 /* Release */ = {
			isa = XCBuildConfiguration;
			buildSettings = {
				ALWAYS_SEARCH_USER_PATHS = NO;
				CLANG_ANALYZER_NONNULL = YES;
				CLANG_ANALYZER_NUMBER_OBJECT_CONVERSION = YES_AGGRESSIVE;
				CLANG_CXX_LANGUAGE_STANDARD = "gnu++0x";
				CLANG_CXX_LIBRARY = "libc++";
				CLANG_ENABLE_MODULES = YES;
				CLANG_ENABLE_OBJC_ARC = YES;
				CLANG_WARN_BOOL_CONVERSION = YES;
				CLANG_WARN_CONSTANT_CONVERSION = YES;
				CLANG_WARN_DIRECT_OBJC_ISA_USAGE = YES_ERROR;
				CLANG_WARN_DOCUMENTATION_COMMENTS = YES;
				CLANG_WARN_EMPTY_BODY = YES;
				CLANG_WARN_ENUM_CONVERSION = YES;
				CLANG_WARN_INFINITE_RECURSION = YES;
				CLANG_WARN_INT_CONVERSION = YES;
				CLANG_WARN_OBJC_ROOT_CLASS = YES_ERROR;
				CLANG_WARN_SUSPICIOUS_MOVE = YES;
				CLANG_WARN_UNREACHABLE_CODE = YES;
				CLANG_WARN__DUPLICATE_METHOD_MATCH = YES;
				"CODE_SIGN_IDENTITY[sdk=iphoneos*]" = "iPhone Developer";
				COPY_PHASE_STRIP = NO;
				CURRENT_PROJECT_VERSION = 1;
				DEBUG_INFORMATION_FORMAT = "dwarf-with-dsym";
				ENABLE_NS_ASSERTIONS = NO;
				ENABLE_STRICT_OBJC_MSGSEND = YES;
				GCC_C_LANGUAGE_STANDARD = gnu99;
				GCC_NO_COMMON_BLOCKS = YES;
				GCC_WARN_64_TO_32_BIT_CONVERSION = YES;
				GCC_WARN_ABOUT_RETURN_TYPE = YES_ERROR;
				GCC_WARN_UNDECLARED_SELECTOR = YES;
				GCC_WARN_UNINITIALIZED_AUTOS = YES_AGGRESSIVE;
				GCC_WARN_UNUSED_FUNCTION = YES;
				GCC_WARN_UNUSED_VARIABLE = YES;
				IPHONEOS_DEPLOYMENT_TARGET = 10.3;
				MTL_ENABLE_DEBUG_INFO = NO;
				SDKROOT = iphoneos;
				SWIFT_OPTIMIZATION_LEVEL = "-Owholemodule";
				TARGETED_DEVICE_FAMILY = "1,2";
				VALIDATE_PRODUCT = YES;
				VERSIONING_SYSTEM = "apple-generic";
				VERSION_INFO_PREFIX = "";
			};
			name = Release;
		};
		BC2FA2DE1E54023E00E2D0D1 /* Debug */ = {
			isa = XCBuildConfiguration;
			buildSettings = {
				CODE_SIGN_IDENTITY = "";
				DEFINES_MODULE = YES;
				DEVELOPMENT_TEAM = FNW7L4X44S;
				DYLIB_COMPATIBILITY_VERSION = 1;
				DYLIB_CURRENT_VERSION = 1;
				DYLIB_INSTALL_NAME_BASE = "@rpath";
				INFOPLIST_FILE = MPOLKit/Info.plist;
				INSTALL_PATH = "$(LOCAL_LIBRARY_DIR)/Frameworks";
				IPHONEOS_DEPLOYMENT_TARGET = 10.0;
				LD_RUNPATH_SEARCH_PATHS = "$(inherited) @executable_path/Frameworks @loader_path/Frameworks";
				PRODUCT_BUNDLE_IDENTIFIER = gridstone.MPOLKit;
				PRODUCT_NAME = "$(TARGET_NAME)";
				SKIP_INSTALL = YES;
				SWIFT_VERSION = 3.0;
			};
			name = Debug;
		};
		BC2FA2DF1E54023E00E2D0D1 /* Release */ = {
			isa = XCBuildConfiguration;
			buildSettings = {
				CODE_SIGN_IDENTITY = "";
				DEFINES_MODULE = YES;
				DEVELOPMENT_TEAM = FNW7L4X44S;
				DYLIB_COMPATIBILITY_VERSION = 1;
				DYLIB_CURRENT_VERSION = 1;
				DYLIB_INSTALL_NAME_BASE = "@rpath";
				INFOPLIST_FILE = MPOLKit/Info.plist;
				INSTALL_PATH = "$(LOCAL_LIBRARY_DIR)/Frameworks";
				IPHONEOS_DEPLOYMENT_TARGET = 10.0;
				LD_RUNPATH_SEARCH_PATHS = "$(inherited) @executable_path/Frameworks @loader_path/Frameworks";
				PRODUCT_BUNDLE_IDENTIFIER = gridstone.MPOLKit;
				PRODUCT_NAME = "$(TARGET_NAME)";
				SKIP_INSTALL = YES;
				SWIFT_VERSION = 3.0;
			};
			name = Release;
		};
		BC2FA2E11E54023E00E2D0D1 /* Debug */ = {
			isa = XCBuildConfiguration;
			buildSettings = {
				ALWAYS_EMBED_SWIFT_STANDARD_LIBRARIES = YES;
				DEVELOPMENT_TEAM = FNW7L4X44S;
				INFOPLIST_FILE = MPOLKitTests/Info.plist;
				LD_RUNPATH_SEARCH_PATHS = "$(inherited) @executable_path/Frameworks @loader_path/Frameworks";
				PRODUCT_BUNDLE_IDENTIFIER = gridstone.MPOLKitTests;
				PRODUCT_NAME = "$(TARGET_NAME)";
				SWIFT_VERSION = 3.0;
			};
			name = Debug;
		};
		BC2FA2E21E54023E00E2D0D1 /* Release */ = {
			isa = XCBuildConfiguration;
			buildSettings = {
				ALWAYS_EMBED_SWIFT_STANDARD_LIBRARIES = YES;
				DEVELOPMENT_TEAM = FNW7L4X44S;
				INFOPLIST_FILE = MPOLKitTests/Info.plist;
				LD_RUNPATH_SEARCH_PATHS = "$(inherited) @executable_path/Frameworks @loader_path/Frameworks";
				PRODUCT_BUNDLE_IDENTIFIER = gridstone.MPOLKitTests;
				PRODUCT_NAME = "$(TARGET_NAME)";
				SWIFT_VERSION = 3.0;
			};
			name = Release;
		};
		BC2FA2F71E54026700E2D0D1 /* Debug */ = {
			isa = XCBuildConfiguration;
			buildSettings = {
				ALWAYS_EMBED_SWIFT_STANDARD_LIBRARIES = YES;
				ASSETCATALOG_COMPILER_APPICON_NAME = AppIcon;
				DEVELOPMENT_TEAM = FNW7L4X44S;
				INFOPLIST_FILE = "MPOLKit Demo/Info.plist";
				IPHONEOS_DEPLOYMENT_TARGET = 10.0;
				LD_RUNPATH_SEARCH_PATHS = "$(inherited) @executable_path/Frameworks";
				PRODUCT_BUNDLE_IDENTIFIER = "gridstone.MPOLKit-Demo";
				PRODUCT_NAME = "$(TARGET_NAME)";
				SWIFT_VERSION = 3.0;
			};
			name = Debug;
		};
		BC2FA2F81E54026700E2D0D1 /* Release */ = {
			isa = XCBuildConfiguration;
			buildSettings = {
				ALWAYS_EMBED_SWIFT_STANDARD_LIBRARIES = YES;
				ASSETCATALOG_COMPILER_APPICON_NAME = AppIcon;
				DEVELOPMENT_TEAM = FNW7L4X44S;
				INFOPLIST_FILE = "MPOLKit Demo/Info.plist";
				IPHONEOS_DEPLOYMENT_TARGET = 10.0;
				LD_RUNPATH_SEARCH_PATHS = "$(inherited) @executable_path/Frameworks";
				PRODUCT_BUNDLE_IDENTIFIER = "gridstone.MPOLKit-Demo";
				PRODUCT_NAME = "$(TARGET_NAME)";
				SWIFT_VERSION = 3.0;
			};
			name = Release;
		};
/* End XCBuildConfiguration section */

/* Begin XCConfigurationList section */
		BC2FA2C31E54023E00E2D0D1 /* Build configuration list for PBXProject "MPOLKit" */ = {
			isa = XCConfigurationList;
			buildConfigurations = (
				BC2FA2DB1E54023E00E2D0D1 /* Debug */,
				BC2FA2DC1E54023E00E2D0D1 /* Release */,
			);
			defaultConfigurationIsVisible = 0;
			defaultConfigurationName = Release;
		};
		BC2FA2DD1E54023E00E2D0D1 /* Build configuration list for PBXNativeTarget "MPOLKit" */ = {
			isa = XCConfigurationList;
			buildConfigurations = (
				BC2FA2DE1E54023E00E2D0D1 /* Debug */,
				BC2FA2DF1E54023E00E2D0D1 /* Release */,
			);
			defaultConfigurationIsVisible = 0;
			defaultConfigurationName = Release;
		};
		BC2FA2E01E54023E00E2D0D1 /* Build configuration list for PBXNativeTarget "MPOLKitTests" */ = {
			isa = XCConfigurationList;
			buildConfigurations = (
				BC2FA2E11E54023E00E2D0D1 /* Debug */,
				BC2FA2E21E54023E00E2D0D1 /* Release */,
			);
			defaultConfigurationIsVisible = 0;
			defaultConfigurationName = Release;
		};
		BC2FA2F61E54026700E2D0D1 /* Build configuration list for PBXNativeTarget "MPOLKit Demo" */ = {
			isa = XCConfigurationList;
			buildConfigurations = (
				BC2FA2F71E54026700E2D0D1 /* Debug */,
				BC2FA2F81E54026700E2D0D1 /* Release */,
			);
			defaultConfigurationIsVisible = 0;
			defaultConfigurationName = Release;
		};
/* End XCConfigurationList section */
	};
	rootObject = BC2FA2C01E54023E00E2D0D1 /* Project object */;
}
