// !$*UTF8*$!
{
	archiveVersion = 1;
	classes = {
	};
	objectVersion = 46;
	objects = {

/* Begin PBXBuildFile section */
		12ADD4361F32C0FA00CA8B4D /* MPOLSearchViewModel.swift in Sources */ = {isa = PBXBuildFile; fileRef = 12ADD4301F32C0FA00CA8B4D /* MPOLSearchViewModel.swift */; };
		12ADD4371F32C0FA00CA8B4D /* NumberRangePickerViewController.swift in Sources */ = {isa = PBXBuildFile; fileRef = 12ADD4311F32C0FA00CA8B4D /* NumberRangePickerViewController.swift */; };
		12ADD4381F32C0FA00CA8B4D /* PersonSearchDataSource.swift in Sources */ = {isa = PBXBuildFile; fileRef = 12ADD4321F32C0FA00CA8B4D /* PersonSearchDataSource.swift */; };
		12ADD4391F32C0FA00CA8B4D /* PersonSearchRequest.swift in Sources */ = {isa = PBXBuildFile; fileRef = 12ADD4331F32C0FA00CA8B4D /* PersonSearchRequest.swift */; };
		12ADD43A1F32C0FA00CA8B4D /* VehicleSearchDataSource.swift in Sources */ = {isa = PBXBuildFile; fileRef = 12ADD4341F32C0FA00CA8B4D /* VehicleSearchDataSource.swift */; };
		12ADD43B1F32C0FA00CA8B4D /* VehicleSearchRequest.swift in Sources */ = {isa = PBXBuildFile; fileRef = 12ADD4351F32C0FA00CA8B4D /* VehicleSearchRequest.swift */; };
		397B77011E52CEDA00696677 /* UserNotifications.framework in Frameworks */ = {isa = PBXBuildFile; fileRef = 397B77001E52CEDA00696677 /* UserNotifications.framework */; };
		39E77E99D3753364294F38A1 /* Pods_MPOL.framework in Frameworks */ = {isa = PBXBuildFile; fileRef = EECB1EC3B3B30EAC4A62C130 /* Pods_MPOL.framework */; };
		BC45C4471EEB56D2001F5747 /* Localizable.stringsdict in Resources */ = {isa = PBXBuildFile; fileRef = BC45C4461EEB56D2001F5747 /* Localizable.stringsdict */; };
		BC4E81111EBEE38400188181 /* SettingsViewController.swift in Sources */ = {isa = PBXBuildFile; fileRef = BC4E81101EBEE38400188181 /* SettingsViewController.swift */; };
		BC8B26F31EDC07430022B0AD /* ActionListViewController.swift in Sources */ = {isa = PBXBuildFile; fileRef = BC8B26F21EDC07430022B0AD /* ActionListViewController.swift */; };
		BC8B26F61EDC08460022B0AD /* EventsListViewController.swift in Sources */ = {isa = PBXBuildFile; fileRef = BC8B26F51EDC08460022B0AD /* EventsListViewController.swift */; };
		BCD4EA8D1E515ACE000B993D /* AppDelegate.swift in Sources */ = {isa = PBXBuildFile; fileRef = BCD4EA8C1E515ACE000B993D /* AppDelegate.swift */; };
		BCD4EA941E515ACE000B993D /* Assets.xcassets in Resources */ = {isa = PBXBuildFile; fileRef = BCD4EA931E515ACE000B993D /* Assets.xcassets */; };
		BCD4EA9F1E515ADE000B993D /* LaunchScreen.storyboard in Resources */ = {isa = PBXBuildFile; fileRef = BCD4EA9E1E515ADE000B993D /* LaunchScreen.storyboard */; };
		BCEEA5611F03205800C884A4 /* ClientKit.framework in Frameworks */ = {isa = PBXBuildFile; fileRef = BCEEA5601F03205800C884A4 /* ClientKit.framework */; };
		BCEEA5621F03205800C884A4 /* ClientKit.framework in Embed Frameworks */ = {isa = PBXBuildFile; fileRef = BCEEA5601F03205800C884A4 /* ClientKit.framework */; settings = {ATTRIBUTES = (CodeSignOnCopy, RemoveHeadersOnCopy, ); }; };
		EAEA065D1F3186B00071077C /* MPOL.swift in Sources */ = {isa = PBXBuildFile; fileRef = EAEA065C1F3186B00071077C /* MPOL.swift */; };
/* End PBXBuildFile section */

/* Begin PBXCopyFilesBuildPhase section */
		BCEEA5631F03205800C884A4 /* Embed Frameworks */ = {
			isa = PBXCopyFilesBuildPhase;
			buildActionMask = 2147483647;
			dstPath = "";
			dstSubfolderSpec = 10;
			files = (
				BCEEA5621F03205800C884A4 /* ClientKit.framework in Embed Frameworks */,
			);
			name = "Embed Frameworks";
			runOnlyForDeploymentPostprocessing = 0;
		};
/* End PBXCopyFilesBuildPhase section */

/* Begin PBXFileReference section */
		12ADD4301F32C0FA00CA8B4D /* MPOLSearchViewModel.swift */ = {isa = PBXFileReference; fileEncoding = 4; lastKnownFileType = sourcecode.swift; path = MPOLSearchViewModel.swift; sourceTree = "<group>"; };
		12ADD4311F32C0FA00CA8B4D /* NumberRangePickerViewController.swift */ = {isa = PBXFileReference; fileEncoding = 4; lastKnownFileType = sourcecode.swift; path = NumberRangePickerViewController.swift; sourceTree = "<group>"; };
		12ADD4321F32C0FA00CA8B4D /* PersonSearchDataSource.swift */ = {isa = PBXFileReference; fileEncoding = 4; lastKnownFileType = sourcecode.swift; path = PersonSearchDataSource.swift; sourceTree = "<group>"; };
		12ADD4331F32C0FA00CA8B4D /* PersonSearchRequest.swift */ = {isa = PBXFileReference; fileEncoding = 4; lastKnownFileType = sourcecode.swift; path = PersonSearchRequest.swift; sourceTree = "<group>"; };
		12ADD4341F32C0FA00CA8B4D /* VehicleSearchDataSource.swift */ = {isa = PBXFileReference; fileEncoding = 4; lastKnownFileType = sourcecode.swift; path = VehicleSearchDataSource.swift; sourceTree = "<group>"; };
		12ADD4351F32C0FA00CA8B4D /* VehicleSearchRequest.swift */ = {isa = PBXFileReference; fileEncoding = 4; lastKnownFileType = sourcecode.swift; path = VehicleSearchRequest.swift; sourceTree = "<group>"; };
		397B76FF1E52C23600696677 /* MPOL.entitlements */ = {isa = PBXFileReference; lastKnownFileType = text.plist.entitlements; path = MPOL.entitlements; sourceTree = "<group>"; };
		397B77001E52CEDA00696677 /* UserNotifications.framework */ = {isa = PBXFileReference; lastKnownFileType = wrapper.framework; name = UserNotifications.framework; path = System/Library/Frameworks/UserNotifications.framework; sourceTree = SDKROOT; };
		AA45749D897B00C1832C33B2 /* Pods-MPOL.debug.xcconfig */ = {isa = PBXFileReference; includeInIndex = 1; lastKnownFileType = text.xcconfig; name = "Pods-MPOL.debug.xcconfig"; path = "Pods/Target Support Files/Pods-MPOL/Pods-MPOL.debug.xcconfig"; sourceTree = "<group>"; };
		BC45C4461EEB56D2001F5747 /* Localizable.stringsdict */ = {isa = PBXFileReference; lastKnownFileType = text.plist.stringsdict; path = Localizable.stringsdict; sourceTree = "<group>"; };
		BC4E81101EBEE38400188181 /* SettingsViewController.swift */ = {isa = PBXFileReference; fileEncoding = 4; lastKnownFileType = sourcecode.swift; path = SettingsViewController.swift; sourceTree = "<group>"; };
		BC8B26F21EDC07430022B0AD /* ActionListViewController.swift */ = {isa = PBXFileReference; fileEncoding = 4; lastKnownFileType = sourcecode.swift; path = ActionListViewController.swift; sourceTree = "<group>"; };
		BC8B26F51EDC08460022B0AD /* EventsListViewController.swift */ = {isa = PBXFileReference; fileEncoding = 4; lastKnownFileType = sourcecode.swift; path = EventsListViewController.swift; sourceTree = "<group>"; };
		BCD4EA891E515ACE000B993D /* MPOL.app */ = {isa = PBXFileReference; explicitFileType = wrapper.application; includeInIndex = 0; path = MPOL.app; sourceTree = BUILT_PRODUCTS_DIR; };
		BCD4EA8C1E515ACE000B993D /* AppDelegate.swift */ = {isa = PBXFileReference; lastKnownFileType = sourcecode.swift; path = AppDelegate.swift; sourceTree = "<group>"; };
		BCD4EA931E515ACE000B993D /* Assets.xcassets */ = {isa = PBXFileReference; lastKnownFileType = folder.assetcatalog; path = Assets.xcassets; sourceTree = "<group>"; };
		BCD4EA981E515ACE000B993D /* Info.plist */ = {isa = PBXFileReference; lastKnownFileType = text.plist.xml; path = Info.plist; sourceTree = "<group>"; };
		BCD4EA9E1E515ADE000B993D /* LaunchScreen.storyboard */ = {isa = PBXFileReference; fileEncoding = 4; lastKnownFileType = file.storyboard; path = LaunchScreen.storyboard; sourceTree = "<group>"; };
		BCEEA5601F03205800C884A4 /* ClientKit.framework */ = {isa = PBXFileReference; explicitFileType = wrapper.framework; path = ClientKit.framework; sourceTree = BUILT_PRODUCTS_DIR; };
		E87578436B7E33CD2885F860 /* Pods-MPOL.release.xcconfig */ = {isa = PBXFileReference; includeInIndex = 1; lastKnownFileType = text.xcconfig; name = "Pods-MPOL.release.xcconfig"; path = "Pods/Target Support Files/Pods-MPOL/Pods-MPOL.release.xcconfig"; sourceTree = "<group>"; };
		EAEA065C1F3186B00071077C /* MPOL.swift */ = {isa = PBXFileReference; fileEncoding = 4; lastKnownFileType = sourcecode.swift; path = MPOL.swift; sourceTree = "<group>"; };
		EECB1EC3B3B30EAC4A62C130 /* Pods_MPOL.framework */ = {isa = PBXFileReference; explicitFileType = wrapper.framework; includeInIndex = 0; path = Pods_MPOL.framework; sourceTree = BUILT_PRODUCTS_DIR; };
/* End PBXFileReference section */

/* Begin PBXFrameworksBuildPhase section */
		BCD4EA861E515ACE000B993D /* Frameworks */ = {
			isa = PBXFrameworksBuildPhase;
			buildActionMask = 2147483647;
			files = (
				BCEEA5611F03205800C884A4 /* ClientKit.framework in Frameworks */,
				397B77011E52CEDA00696677 /* UserNotifications.framework in Frameworks */,
				39E77E99D3753364294F38A1 /* Pods_MPOL.framework in Frameworks */,
			);
			runOnlyForDeploymentPostprocessing = 0;
		};
/* End PBXFrameworksBuildPhase section */

/* Begin PBXGroup section */
		12ADD42F1F32C0FA00CA8B4D /* ViewModels */ = {
			isa = PBXGroup;
			children = (
				12ADD4301F32C0FA00CA8B4D /* MPOLSearchViewModel.swift */,
				12ADD4311F32C0FA00CA8B4D /* NumberRangePickerViewController.swift */,
				12ADD4321F32C0FA00CA8B4D /* PersonSearchDataSource.swift */,
				12ADD4331F32C0FA00CA8B4D /* PersonSearchRequest.swift */,
				12ADD4341F32C0FA00CA8B4D /* VehicleSearchDataSource.swift */,
				12ADD4351F32C0FA00CA8B4D /* VehicleSearchRequest.swift */,
			);
			path = ViewModels;
			sourceTree = "<group>";
		};
		4A9FC695755CC4A23505332B /* Pods */ = {
			isa = PBXGroup;
			children = (
				AA45749D897B00C1832C33B2 /* Pods-MPOL.debug.xcconfig */,
				E87578436B7E33CD2885F860 /* Pods-MPOL.release.xcconfig */,
			);
			name = Pods;
			sourceTree = "<group>";
		};
		81566B659C78AD148E9B8520 /* Frameworks */ = {
			isa = PBXGroup;
			children = (
				BCEEA5601F03205800C884A4 /* ClientKit.framework */,
				397B77001E52CEDA00696677 /* UserNotifications.framework */,
				EECB1EC3B3B30EAC4A62C130 /* Pods_MPOL.framework */,
			);
			name = Frameworks;
			sourceTree = "<group>";
		};
		BC0D8E821E94067800EDFC45 /* View Controllers */ = {
			isa = PBXGroup;
			children = (
				BC8B26F11EDC07360022B0AD /* Action List */,
				BC8B26F41EDC083A0022B0AD /* Events */,
				BC4E81101EBEE38400188181 /* SettingsViewController.swift */,
			);
			path = "View Controllers";
			sourceTree = "<group>";
		};
		BC8B26F11EDC07360022B0AD /* Action List */ = {
			isa = PBXGroup;
			children = (
				BC8B26F21EDC07430022B0AD /* ActionListViewController.swift */,
			);
			path = "Action List";
			sourceTree = "<group>";
		};
		BC8B26F41EDC083A0022B0AD /* Events */ = {
			isa = PBXGroup;
			children = (
				BC8B26F51EDC08460022B0AD /* EventsListViewController.swift */,
			);
			path = Events;
			sourceTree = "<group>";
		};
		BCD4EA801E515ACE000B993D = {
			isa = PBXGroup;
			children = (
				BCD4EA8B1E515ACE000B993D /* MPOL */,
				BCD4EA8A1E515ACE000B993D /* Products */,
				81566B659C78AD148E9B8520 /* Frameworks */,
				4A9FC695755CC4A23505332B /* Pods */,
			);
			sourceTree = "<group>";
		};
		BCD4EA8A1E515ACE000B993D /* Products */ = {
			isa = PBXGroup;
			children = (
				BCD4EA891E515ACE000B993D /* MPOL.app */,
			);
			name = Products;
			sourceTree = "<group>";
		};
		BCD4EA8B1E515ACE000B993D /* MPOL */ = {
			isa = PBXGroup;
			children = (
				EAEA065B1F3186830071077C /* Configuration */,
				397B76FF1E52C23600696677 /* MPOL.entitlements */,
				BCD4EA8C1E515ACE000B993D /* AppDelegate.swift */,
				BC0D8E821E94067800EDFC45 /* View Controllers */,
				12ADD42F1F32C0FA00CA8B4D /* ViewModels */,
				BCD4EA931E515ACE000B993D /* Assets.xcassets */,
				BC45C4461EEB56D2001F5747 /* Localizable.stringsdict */,
				BCD4EA9E1E515ADE000B993D /* LaunchScreen.storyboard */,
				BCD4EA981E515ACE000B993D /* Info.plist */,
			);
			path = MPOL;
			sourceTree = "<group>";
		};
		EAEA065B1F3186830071077C /* Configuration */ = {
			isa = PBXGroup;
			children = (
				EAEA065C1F3186B00071077C /* MPOL.swift */,
			);
			path = Configuration;
			sourceTree = "<group>";
		};
/* End PBXGroup section */

/* Begin PBXNativeTarget section */
		BCD4EA881E515ACE000B993D /* MPOL */ = {
			isa = PBXNativeTarget;
			buildConfigurationList = BCD4EA9B1E515ACE000B993D /* Build configuration list for PBXNativeTarget "MPOL" */;
			buildPhases = (
				3B5C2E70A1D4B9DD44E21405 /* [CP] Check Pods Manifest.lock */,
				BCD4EA851E515ACE000B993D /* Sources */,
				BCD4EA861E515ACE000B993D /* Frameworks */,
				BCD4EA871E515ACE000B993D /* Resources */,
				5FA71BA4071BB8EF7C7A0B5D /* [CP] Embed Pods Frameworks */,
				55D57D707F65DDD769FBBDDA /* [CP] Copy Pods Resources */,
				BCEEA5631F03205800C884A4 /* Embed Frameworks */,
			);
			buildRules = (
			);
			dependencies = (
			);
			name = MPOL;
			productName = MPOL;
			productReference = BCD4EA891E515ACE000B993D /* MPOL.app */;
			productType = "com.apple.product-type.application";
		};
/* End PBXNativeTarget section */

/* Begin PBXProject section */
		BCD4EA811E515ACE000B993D /* Project object */ = {
			isa = PBXProject;
			attributes = {
				LastSwiftUpdateCheck = 0820;
				LastUpgradeCheck = 0900;
				ORGANIZATIONNAME = Gridstone;
				TargetAttributes = {
					BCD4EA881E515ACE000B993D = {
						CreatedOnToolsVersion = 8.2.1;
						DevelopmentTeam = FNW7L4X44S;
						ProvisioningStyle = Automatic;
						SystemCapabilities = {
							com.apple.ApplicationGroups.iOS = {
								enabled = 1;
							};
							com.apple.BackgroundModes = {
								enabled = 1;
							};
							com.apple.Push = {
								enabled = 1;
							};
						};
					};
				};
			};
			buildConfigurationList = BCD4EA841E515ACE000B993D /* Build configuration list for PBXProject "MPOL" */;
			compatibilityVersion = "Xcode 3.2";
			developmentRegion = English;
			hasScannedForEncodings = 0;
			knownRegions = (
				en,
				Base,
			);
			mainGroup = BCD4EA801E515ACE000B993D;
			productRefGroup = BCD4EA8A1E515ACE000B993D /* Products */;
			projectDirPath = "";
			projectRoot = "";
			targets = (
				BCD4EA881E515ACE000B993D /* MPOL */,
			);
		};
/* End PBXProject section */

/* Begin PBXResourcesBuildPhase section */
		BCD4EA871E515ACE000B993D /* Resources */ = {
			isa = PBXResourcesBuildPhase;
			buildActionMask = 2147483647;
			files = (
				BCD4EA9F1E515ADE000B993D /* LaunchScreen.storyboard in Resources */,
				BCD4EA941E515ACE000B993D /* Assets.xcassets in Resources */,
				BC45C4471EEB56D2001F5747 /* Localizable.stringsdict in Resources */,
			);
			runOnlyForDeploymentPostprocessing = 0;
		};
/* End PBXResourcesBuildPhase section */

/* Begin PBXShellScriptBuildPhase section */
		3B5C2E70A1D4B9DD44E21405 /* [CP] Check Pods Manifest.lock */ = {
			isa = PBXShellScriptBuildPhase;
			buildActionMask = 2147483647;
			files = (
			);
			inputPaths = (
			);
			name = "[CP] Check Pods Manifest.lock";
			outputPaths = (
			);
			runOnlyForDeploymentPostprocessing = 0;
			shellPath = /bin/sh;
			shellScript = "diff \"${PODS_PODFILE_DIR_PATH}/Podfile.lock\" \"${PODS_ROOT}/Manifest.lock\" > /dev/null\nif [ $? != 0 ] ; then\n    # print error to STDERR\n    echo \"error: The sandbox is not in sync with the Podfile.lock. Run 'pod install' or update your CocoaPods installation.\" >&2\n    exit 1\nfi\n";
			showEnvVarsInLog = 0;
		};
		55D57D707F65DDD769FBBDDA /* [CP] Copy Pods Resources */ = {
			isa = PBXShellScriptBuildPhase;
			buildActionMask = 2147483647;
			files = (
			);
			inputPaths = (
			);
			name = "[CP] Copy Pods Resources";
			outputPaths = (
			);
			runOnlyForDeploymentPostprocessing = 0;
			shellPath = /bin/sh;
			shellScript = "\"${SRCROOT}/Pods/Target Support Files/Pods-MPOL/Pods-MPOL-resources.sh\"\n";
			showEnvVarsInLog = 0;
		};
		5FA71BA4071BB8EF7C7A0B5D /* [CP] Embed Pods Frameworks */ = {
			isa = PBXShellScriptBuildPhase;
			buildActionMask = 2147483647;
			files = (
			);
			inputPaths = (
			);
			name = "[CP] Embed Pods Frameworks";
			outputPaths = (
			);
			runOnlyForDeploymentPostprocessing = 0;
			shellPath = /bin/sh;
			shellScript = "\"${SRCROOT}/Pods/Target Support Files/Pods-MPOL/Pods-MPOL-frameworks.sh\"\n";
			showEnvVarsInLog = 0;
		};
/* End PBXShellScriptBuildPhase section */

/* Begin PBXSourcesBuildPhase section */
		BCD4EA851E515ACE000B993D /* Sources */ = {
			isa = PBXSourcesBuildPhase;
			buildActionMask = 2147483647;
			files = (
				12ADD43B1F32C0FA00CA8B4D /* VehicleSearchRequest.swift in Sources */,
				BC4E81111EBEE38400188181 /* SettingsViewController.swift in Sources */,
				12ADD4391F32C0FA00CA8B4D /* PersonSearchRequest.swift in Sources */,
				BC8B26F31EDC07430022B0AD /* ActionListViewController.swift in Sources */,
				12ADD4361F32C0FA00CA8B4D /* MPOLSearchViewModel.swift in Sources */,
				BCD4EA8D1E515ACE000B993D /* AppDelegate.swift in Sources */,
				12ADD43A1F32C0FA00CA8B4D /* VehicleSearchDataSource.swift in Sources */,
				EAEA065D1F3186B00071077C /* MPOL.swift in Sources */,
				12ADD4371F32C0FA00CA8B4D /* NumberRangePickerViewController.swift in Sources */,
				BC8B26F61EDC08460022B0AD /* EventsListViewController.swift in Sources */,
				12ADD4381F32C0FA00CA8B4D /* PersonSearchDataSource.swift in Sources */,
			);
			runOnlyForDeploymentPostprocessing = 0;
		};
/* End PBXSourcesBuildPhase section */

/* Begin XCBuildConfiguration section */
		BCD4EA991E515ACE000B993D /* Debug */ = {
			isa = XCBuildConfiguration;
			buildSettings = {
				ALWAYS_SEARCH_USER_PATHS = NO;
				CLANG_ANALYZER_NONNULL = YES;
				CLANG_CXX_LANGUAGE_STANDARD = "gnu++0x";
				CLANG_CXX_LIBRARY = "libc++";
				CLANG_ENABLE_MODULES = YES;
				CLANG_ENABLE_OBJC_ARC = YES;
				CLANG_WARN_BLOCK_CAPTURE_AUTORELEASING = YES;
				CLANG_WARN_BOOL_CONVERSION = YES;
				CLANG_WARN_COMMA = YES;
				CLANG_WARN_CONSTANT_CONVERSION = YES;
				CLANG_WARN_DIRECT_OBJC_ISA_USAGE = YES_ERROR;
				CLANG_WARN_DOCUMENTATION_COMMENTS = YES;
				CLANG_WARN_EMPTY_BODY = YES;
				CLANG_WARN_ENUM_CONVERSION = YES;
				CLANG_WARN_INFINITE_RECURSION = YES;
				CLANG_WARN_INT_CONVERSION = YES;
				CLANG_WARN_NON_LITERAL_NULL_CONVERSION = YES;
				CLANG_WARN_OBJC_LITERAL_CONVERSION = YES;
				CLANG_WARN_OBJC_ROOT_CLASS = YES_ERROR;
				CLANG_WARN_RANGE_LOOP_ANALYSIS = YES;
				CLANG_WARN_STRICT_PROTOTYPES = YES;
				CLANG_WARN_SUSPICIOUS_MOVE = YES;
				CLANG_WARN_UNREACHABLE_CODE = YES;
				CLANG_WARN__DUPLICATE_METHOD_MATCH = YES;
				"CODE_SIGN_IDENTITY[sdk=iphoneos*]" = "iPhone Developer";
				COPY_PHASE_STRIP = NO;
				DEBUG_INFORMATION_FORMAT = dwarf;
				ENABLE_STRICT_OBJC_MSGSEND = YES;
				ENABLE_TESTABILITY = YES;
				GCC_C_LANGUAGE_STANDARD = gnu99;
				GCC_DYNAMIC_NO_PIC = NO;
				GCC_NO_COMMON_BLOCKS = YES;
				GCC_OPTIMIZATION_LEVEL = 0;
				GCC_PREPROCESSOR_DEFINITIONS = (
					"DEBUG=1",
					"$(inherited)",
				);
				GCC_WARN_64_TO_32_BIT_CONVERSION = YES;
				GCC_WARN_ABOUT_RETURN_TYPE = YES_ERROR;
				GCC_WARN_UNDECLARED_SELECTOR = YES;
				GCC_WARN_UNINITIALIZED_AUTOS = YES_AGGRESSIVE;
				GCC_WARN_UNUSED_FUNCTION = YES;
				GCC_WARN_UNUSED_VARIABLE = YES;
				IPHONEOS_DEPLOYMENT_TARGET = 10.2;
				MTL_ENABLE_DEBUG_INFO = YES;
				ONLY_ACTIVE_ARCH = YES;
				SDKROOT = iphoneos;
				SWIFT_ACTIVE_COMPILATION_CONDITIONS = DEBUG;
				SWIFT_OPTIMIZATION_LEVEL = "-Onone";
				TARGETED_DEVICE_FAMILY = "1,2";
			};
			name = Debug;
		};
		BCD4EA9A1E515ACE000B993D /* Release */ = {
			isa = XCBuildConfiguration;
			buildSettings = {
				ALWAYS_SEARCH_USER_PATHS = NO;
				CLANG_ANALYZER_NONNULL = YES;
				CLANG_CXX_LANGUAGE_STANDARD = "gnu++0x";
				CLANG_CXX_LIBRARY = "libc++";
				CLANG_ENABLE_MODULES = YES;
				CLANG_ENABLE_OBJC_ARC = YES;
				CLANG_WARN_BLOCK_CAPTURE_AUTORELEASING = YES;
				CLANG_WARN_BOOL_CONVERSION = YES;
				CLANG_WARN_COMMA = YES;
				CLANG_WARN_CONSTANT_CONVERSION = YES;
				CLANG_WARN_DIRECT_OBJC_ISA_USAGE = YES_ERROR;
				CLANG_WARN_DOCUMENTATION_COMMENTS = YES;
				CLANG_WARN_EMPTY_BODY = YES;
				CLANG_WARN_ENUM_CONVERSION = YES;
				CLANG_WARN_INFINITE_RECURSION = YES;
				CLANG_WARN_INT_CONVERSION = YES;
				CLANG_WARN_NON_LITERAL_NULL_CONVERSION = YES;
				CLANG_WARN_OBJC_LITERAL_CONVERSION = YES;
				CLANG_WARN_OBJC_ROOT_CLASS = YES_ERROR;
				CLANG_WARN_RANGE_LOOP_ANALYSIS = YES;
				CLANG_WARN_STRICT_PROTOTYPES = YES;
				CLANG_WARN_SUSPICIOUS_MOVE = YES;
				CLANG_WARN_UNREACHABLE_CODE = YES;
				CLANG_WARN__DUPLICATE_METHOD_MATCH = YES;
				"CODE_SIGN_IDENTITY[sdk=iphoneos*]" = "iPhone Developer";
				COPY_PHASE_STRIP = NO;
				DEBUG_INFORMATION_FORMAT = "dwarf-with-dsym";
				ENABLE_NS_ASSERTIONS = NO;
				ENABLE_STRICT_OBJC_MSGSEND = YES;
				GCC_C_LANGUAGE_STANDARD = gnu99;
				GCC_NO_COMMON_BLOCKS = YES;
				GCC_WARN_64_TO_32_BIT_CONVERSION = YES;
				GCC_WARN_ABOUT_RETURN_TYPE = YES_ERROR;
				GCC_WARN_UNDECLARED_SELECTOR = YES;
				GCC_WARN_UNINITIALIZED_AUTOS = YES_AGGRESSIVE;
				GCC_WARN_UNUSED_FUNCTION = YES;
				GCC_WARN_UNUSED_VARIABLE = YES;
				IPHONEOS_DEPLOYMENT_TARGET = 10.2;
				MTL_ENABLE_DEBUG_INFO = NO;
				SDKROOT = iphoneos;
				SWIFT_OPTIMIZATION_LEVEL = "-Owholemodule";
				TARGETED_DEVICE_FAMILY = "1,2";
				VALIDATE_PRODUCT = YES;
			};
			name = Release;
		};
		BCD4EA9C1E515ACE000B993D /* Debug */ = {
			isa = XCBuildConfiguration;
			baseConfigurationReference = AA45749D897B00C1832C33B2 /* Pods-MPOL.debug.xcconfig */;
			buildSettings = {
				ASSETCATALOG_COMPILER_APPICON_NAME = AppIcon;
				CODE_SIGN_ENTITLEMENTS = MPOL/MPOL.entitlements;
				DEVELOPMENT_TEAM = FNW7L4X44S;
				FRAMEWORK_SEARCH_PATHS = "$(inherited)";
				INFOPLIST_FILE = MPOL/Info.plist;
				IPHONEOS_DEPLOYMENT_TARGET = 10.0;
				LD_RUNPATH_SEARCH_PATHS = "$(inherited) @executable_path/Frameworks";
				PRODUCT_BUNDLE_IDENTIFIER = gridstone.MPOL;
				PRODUCT_NAME = "$(TARGET_NAME)";
				SWIFT_VERSION = 3.0;
			};
			name = Debug;
		};
		BCD4EA9D1E515ACE000B993D /* Release */ = {
			isa = XCBuildConfiguration;
			baseConfigurationReference = E87578436B7E33CD2885F860 /* Pods-MPOL.release.xcconfig */;
			buildSettings = {
				ASSETCATALOG_COMPILER_APPICON_NAME = AppIcon;
				CODE_SIGN_ENTITLEMENTS = MPOL/MPOL.entitlements;
				DEVELOPMENT_TEAM = FNW7L4X44S;
				FRAMEWORK_SEARCH_PATHS = "$(inherited)";
				INFOPLIST_FILE = MPOL/Info.plist;
				IPHONEOS_DEPLOYMENT_TARGET = 10.0;
				LD_RUNPATH_SEARCH_PATHS = "$(inherited) @executable_path/Frameworks";
				PRODUCT_BUNDLE_IDENTIFIER = gridstone.MPOL;
				PRODUCT_NAME = "$(TARGET_NAME)";
				SWIFT_VERSION = 3.0;
			};
			name = Release;
		};
/* End XCBuildConfiguration section */

/* Begin XCConfigurationList section */
		BCD4EA841E515ACE000B993D /* Build configuration list for PBXProject "MPOL" */ = {
			isa = XCConfigurationList;
			buildConfigurations = (
				BCD4EA991E515ACE000B993D /* Debug */,
				BCD4EA9A1E515ACE000B993D /* Release */,
			);
			defaultConfigurationIsVisible = 0;
			defaultConfigurationName = Release;
		};
		BCD4EA9B1E515ACE000B993D /* Build configuration list for PBXNativeTarget "MPOL" */ = {
			isa = XCConfigurationList;
			buildConfigurations = (
				BCD4EA9C1E515ACE000B993D /* Debug */,
				BCD4EA9D1E515ACE000B993D /* Release */,
			);
			defaultConfigurationIsVisible = 0;
			defaultConfigurationName = Release;
		};
/* End XCConfigurationList section */
	};
	rootObject = BCD4EA811E515ACE000B993D /* Project object */;
}
