// !$*UTF8*$!
{
	archiveVersion = 1;
	classes = {
	};
	objectVersion = 46;
	objects = {

/* Begin PBXBuildFile section */
		12ADD4361F32C0FA00CA8B4D /* MPOLSearchViewModel.swift in Sources */ = {isa = PBXBuildFile; fileRef = 12ADD4301F32C0FA00CA8B4D /* MPOLSearchViewModel.swift */; };
		12ADD4381F32C0FA00CA8B4D /* PersonSearchDataSource.swift in Sources */ = {isa = PBXBuildFile; fileRef = 12ADD4321F32C0FA00CA8B4D /* PersonSearchDataSource.swift */; };
		12ADD43A1F32C0FA00CA8B4D /* VehicleSearchDataSource.swift in Sources */ = {isa = PBXBuildFile; fileRef = 12ADD4341F32C0FA00CA8B4D /* VehicleSearchDataSource.swift */; };
		3597F18ADBC8910958FB8CED /* Pods_MPOL.framework in Frameworks */ = {isa = PBXBuildFile; fileRef = 17144B68BB155A127F8ED5B8 /* Pods_MPOL.framework */; };
		397B77011E52CEDA00696677 /* UserNotifications.framework in Frameworks */ = {isa = PBXBuildFile; fileRef = 397B77001E52CEDA00696677 /* UserNotifications.framework */; };
		BC45C4471EEB56D2001F5747 /* Localizable.stringsdict in Resources */ = {isa = PBXBuildFile; fileRef = BC45C4461EEB56D2001F5747 /* Localizable.stringsdict */; };
		BC4E81111EBEE38400188181 /* SettingsViewController.swift in Sources */ = {isa = PBXBuildFile; fileRef = BC4E81101EBEE38400188181 /* SettingsViewController.swift */; };
		BC8B26F31EDC07430022B0AD /* ActionListViewController.swift in Sources */ = {isa = PBXBuildFile; fileRef = BC8B26F21EDC07430022B0AD /* ActionListViewController.swift */; };
		BC8B26F61EDC08460022B0AD /* EventsListViewController.swift in Sources */ = {isa = PBXBuildFile; fileRef = BC8B26F51EDC08460022B0AD /* EventsListViewController.swift */; };
		BCD4EA8D1E515ACE000B993D /* AppDelegate.swift in Sources */ = {isa = PBXBuildFile; fileRef = BCD4EA8C1E515ACE000B993D /* AppDelegate.swift */; };
		BCD4EA941E515ACE000B993D /* Assets.xcassets in Resources */ = {isa = PBXBuildFile; fileRef = BCD4EA931E515ACE000B993D /* Assets.xcassets */; };
		BCD4EA9F1E515ADE000B993D /* LaunchScreen.storyboard in Resources */ = {isa = PBXBuildFile; fileRef = BCD4EA9E1E515ADE000B993D /* LaunchScreen.storyboard */; };
		BCEEA5611F03205800C884A4 /* ClientKit.framework in Frameworks */ = {isa = PBXBuildFile; fileRef = BCEEA5601F03205800C884A4 /* ClientKit.framework */; };
		BCEEA5621F03205800C884A4 /* ClientKit.framework in Embed Frameworks */ = {isa = PBXBuildFile; fileRef = BCEEA5601F03205800C884A4 /* ClientKit.framework */; settings = {ATTRIBUTES = (CodeSignOnCopy, RemoveHeadersOnCopy, ); }; };
		EA2189F61F60F64A0057048E /* AppPresenter.swift in Sources */ = {isa = PBXBuildFile; fileRef = EA2189F51F60F64A0057048E /* AppPresenter.swift */; };
		EA2189F81F61196E0057048E /* RecentlyViewedTracker.swift in Sources */ = {isa = PBXBuildFile; fileRef = EA2189F71F61196E0057048E /* RecentlyViewedTracker.swift */; };
		EA3C89061F32E34300F38461 /* termsandconditions.html in Resources */ = {isa = PBXBuildFile; fileRef = EA3C89051F32E34300F38461 /* termsandconditions.html */; };
/* End PBXBuildFile section */

/* Begin PBXCopyFilesBuildPhase section */
		BCEEA5631F03205800C884A4 /* Embed Frameworks */ = {
			isa = PBXCopyFilesBuildPhase;
			buildActionMask = 2147483647;
			dstPath = "";
			dstSubfolderSpec = 10;
			files = (
				BCEEA5621F03205800C884A4 /* ClientKit.framework in Embed Frameworks */,
			);
			name = "Embed Frameworks";
			runOnlyForDeploymentPostprocessing = 0;
		};
/* End PBXCopyFilesBuildPhase section */

/* Begin PBXFileReference section */
		12ADD4301F32C0FA00CA8B4D /* MPOLSearchViewModel.swift */ = {isa = PBXFileReference; fileEncoding = 4; lastKnownFileType = sourcecode.swift; path = MPOLSearchViewModel.swift; sourceTree = "<group>"; };
		12ADD4321F32C0FA00CA8B4D /* PersonSearchDataSource.swift */ = {isa = PBXFileReference; fileEncoding = 4; lastKnownFileType = sourcecode.swift; path = PersonSearchDataSource.swift; sourceTree = "<group>"; };
		12ADD4341F32C0FA00CA8B4D /* VehicleSearchDataSource.swift */ = {isa = PBXFileReference; fileEncoding = 4; lastKnownFileType = sourcecode.swift; path = VehicleSearchDataSource.swift; sourceTree = "<group>"; };
		17144B68BB155A127F8ED5B8 /* Pods_MPOL.framework */ = {isa = PBXFileReference; explicitFileType = wrapper.framework; includeInIndex = 0; path = Pods_MPOL.framework; sourceTree = BUILT_PRODUCTS_DIR; };
		1D27A2F65F8C83373197EBC3 /* Pods-MPOL.debug.xcconfig */ = {isa = PBXFileReference; includeInIndex = 1; lastKnownFileType = text.xcconfig; name = "Pods-MPOL.debug.xcconfig"; path = "Pods/Target Support Files/Pods-MPOL/Pods-MPOL.debug.xcconfig"; sourceTree = "<group>"; };
		397B76FF1E52C23600696677 /* MPOL.entitlements */ = {isa = PBXFileReference; lastKnownFileType = text.plist.entitlements; path = MPOL.entitlements; sourceTree = "<group>"; };
		397B77001E52CEDA00696677 /* UserNotifications.framework */ = {isa = PBXFileReference; lastKnownFileType = wrapper.framework; name = UserNotifications.framework; path = System/Library/Frameworks/UserNotifications.framework; sourceTree = SDKROOT; };
		463D40291F4BC784005F9A1C /* AppConfig-internal-release.xcconfig */ = {isa = PBXFileReference; lastKnownFileType = text.xcconfig; path = "AppConfig-internal-release.xcconfig"; sourceTree = "<group>"; };
		463D402A1F4BC7D4005F9A1C /* AppConfig-internal-debug.xcconfig */ = {isa = PBXFileReference; lastKnownFileType = text.xcconfig; path = "AppConfig-internal-debug.xcconfig"; sourceTree = "<group>"; };
		463D402B1F4BC844005F9A1C /* AppConfig-external-debug.xcconfig */ = {isa = PBXFileReference; lastKnownFileType = text.xcconfig; path = "AppConfig-external-debug.xcconfig"; sourceTree = "<group>"; };
		463D402C1F4BC84F005F9A1C /* AppConfig-external-release.xcconfig */ = {isa = PBXFileReference; lastKnownFileType = text.xcconfig; path = "AppConfig-external-release.xcconfig"; sourceTree = "<group>"; };
		59CEC38145149253B388125F /* Pods-MPOL.release.xcconfig */ = {isa = PBXFileReference; includeInIndex = 1; lastKnownFileType = text.xcconfig; name = "Pods-MPOL.release.xcconfig"; path = "Pods/Target Support Files/Pods-MPOL/Pods-MPOL.release.xcconfig"; sourceTree = "<group>"; };
		BC45C4461EEB56D2001F5747 /* Localizable.stringsdict */ = {isa = PBXFileReference; lastKnownFileType = text.plist.stringsdict; path = Localizable.stringsdict; sourceTree = "<group>"; };
		BC4E81101EBEE38400188181 /* SettingsViewController.swift */ = {isa = PBXFileReference; fileEncoding = 4; lastKnownFileType = sourcecode.swift; path = SettingsViewController.swift; sourceTree = "<group>"; };
		BC8B26F21EDC07430022B0AD /* ActionListViewController.swift */ = {isa = PBXFileReference; fileEncoding = 4; lastKnownFileType = sourcecode.swift; path = ActionListViewController.swift; sourceTree = "<group>"; };
		BC8B26F51EDC08460022B0AD /* EventsListViewController.swift */ = {isa = PBXFileReference; fileEncoding = 4; lastKnownFileType = sourcecode.swift; path = EventsListViewController.swift; sourceTree = "<group>"; };
		BCD4EA891E515ACE000B993D /* MPOL.app */ = {isa = PBXFileReference; explicitFileType = wrapper.application; includeInIndex = 0; path = MPOL.app; sourceTree = BUILT_PRODUCTS_DIR; };
		BCD4EA8C1E515ACE000B993D /* AppDelegate.swift */ = {isa = PBXFileReference; lastKnownFileType = sourcecode.swift; path = AppDelegate.swift; sourceTree = "<group>"; };
		BCD4EA931E515ACE000B993D /* Assets.xcassets */ = {isa = PBXFileReference; lastKnownFileType = folder.assetcatalog; path = Assets.xcassets; sourceTree = "<group>"; };
		BCD4EA981E515ACE000B993D /* Info.plist */ = {isa = PBXFileReference; lastKnownFileType = text.plist.xml; path = Info.plist; sourceTree = "<group>"; };
		BCD4EA9E1E515ADE000B993D /* LaunchScreen.storyboard */ = {isa = PBXFileReference; fileEncoding = 4; lastKnownFileType = file.storyboard; path = LaunchScreen.storyboard; sourceTree = "<group>"; };
		BCEEA5601F03205800C884A4 /* ClientKit.framework */ = {isa = PBXFileReference; explicitFileType = wrapper.framework; path = ClientKit.framework; sourceTree = BUILT_PRODUCTS_DIR; };
		EA2189F51F60F64A0057048E /* AppPresenter.swift */ = {isa = PBXFileReference; fileEncoding = 4; lastKnownFileType = sourcecode.swift; path = AppPresenter.swift; sourceTree = "<group>"; };
		EA2189F71F61196E0057048E /* RecentlyViewedTracker.swift */ = {isa = PBXFileReference; fileEncoding = 4; lastKnownFileType = sourcecode.swift; path = RecentlyViewedTracker.swift; sourceTree = "<group>"; };
		EA3C89051F32E34300F38461 /* termsandconditions.html */ = {isa = PBXFileReference; fileEncoding = 4; lastKnownFileType = text.html; path = termsandconditions.html; sourceTree = "<group>"; };
/* End PBXFileReference section */

/* Begin PBXFrameworksBuildPhase section */
		BCD4EA861E515ACE000B993D /* Frameworks */ = {
			isa = PBXFrameworksBuildPhase;
			buildActionMask = 2147483647;
			files = (
				BCEEA5611F03205800C884A4 /* ClientKit.framework in Frameworks */,
				397B77011E52CEDA00696677 /* UserNotifications.framework in Frameworks */,
				3597F18ADBC8910958FB8CED /* Pods_MPOL.framework in Frameworks */,
			);
			runOnlyForDeploymentPostprocessing = 0;
		};
/* End PBXFrameworksBuildPhase section */

/* Begin PBXGroup section */
		12ADD42F1F32C0FA00CA8B4D /* ViewModels */ = {
			isa = PBXGroup;
			children = (
				EA2189F51F60F64A0057048E /* AppPresenter.swift */,
				EA2189F71F61196E0057048E /* RecentlyViewedTracker.swift */,
				12ADD4301F32C0FA00CA8B4D /* MPOLSearchViewModel.swift */,
				12ADD4321F32C0FA00CA8B4D /* PersonSearchDataSource.swift */,
				12ADD4341F32C0FA00CA8B4D /* VehicleSearchDataSource.swift */,
			);
			path = ViewModels;
			sourceTree = "<group>";
		};
		81566B659C78AD148E9B8520 /* Frameworks */ = {
			isa = PBXGroup;
			children = (
				BCEEA5601F03205800C884A4 /* ClientKit.framework */,
				397B77001E52CEDA00696677 /* UserNotifications.framework */,
				17144B68BB155A127F8ED5B8 /* Pods_MPOL.framework */,
			);
			name = Frameworks;
			sourceTree = "<group>";
		};
		94B397E37C630B0C23D02198 /* Pods */ = {
			isa = PBXGroup;
			children = (
				1D27A2F65F8C83373197EBC3 /* Pods-MPOL.debug.xcconfig */,
				59CEC38145149253B388125F /* Pods-MPOL.release.xcconfig */,
			);
			name = Pods;
			sourceTree = "<group>";
		};
		BC0D8E821E94067800EDFC45 /* View Controllers */ = {
			isa = PBXGroup;
			children = (
				BC8B26F11EDC07360022B0AD /* Action List */,
				BC8B26F41EDC083A0022B0AD /* Events */,
				BC4E81101EBEE38400188181 /* SettingsViewController.swift */,
			);
			path = "View Controllers";
			sourceTree = "<group>";
		};
		BC8B26F11EDC07360022B0AD /* Action List */ = {
			isa = PBXGroup;
			children = (
				BC8B26F21EDC07430022B0AD /* ActionListViewController.swift */,
			);
			path = "Action List";
			sourceTree = "<group>";
		};
		BC8B26F41EDC083A0022B0AD /* Events */ = {
			isa = PBXGroup;
			children = (
				BC8B26F51EDC08460022B0AD /* EventsListViewController.swift */,
			);
			path = Events;
			sourceTree = "<group>";
		};
		BCD4EA801E515ACE000B993D = {
			isa = PBXGroup;
			children = (
				BCD4EA8B1E515ACE000B993D /* MPOL */,
				BCD4EA8A1E515ACE000B993D /* Products */,
				81566B659C78AD148E9B8520 /* Frameworks */,
				DB88BCE81F43CBC00056FD69 /* Configuration */,
				94B397E37C630B0C23D02198 /* Pods */,
			);
			sourceTree = "<group>";
		};
		BCD4EA8A1E515ACE000B993D /* Products */ = {
			isa = PBXGroup;
			children = (
				BCD4EA891E515ACE000B993D /* MPOL.app */,
			);
			name = Products;
			sourceTree = "<group>";
		};
		BCD4EA8B1E515ACE000B993D /* MPOL */ = {
			isa = PBXGroup;
			children = (
				EA3C89041F32E31500F38461 /* Resources */,
				397B76FF1E52C23600696677 /* MPOL.entitlements */,
				BCD4EA8C1E515ACE000B993D /* AppDelegate.swift */,
				BC0D8E821E94067800EDFC45 /* View Controllers */,
				12ADD42F1F32C0FA00CA8B4D /* ViewModels */,
				BCD4EA931E515ACE000B993D /* Assets.xcassets */,
				BC45C4461EEB56D2001F5747 /* Localizable.stringsdict */,
				BCD4EA9E1E515ADE000B993D /* LaunchScreen.storyboard */,
				BCD4EA981E515ACE000B993D /* Info.plist */,
			);
			path = MPOL;
			sourceTree = "<group>";
		};
		DB88BCE81F43CBC00056FD69 /* Configuration */ = {
			isa = PBXGroup;
			children = (
				463D40291F4BC784005F9A1C /* AppConfig-internal-release.xcconfig */,
				463D402A1F4BC7D4005F9A1C /* AppConfig-internal-debug.xcconfig */,
				463D402B1F4BC844005F9A1C /* AppConfig-external-debug.xcconfig */,
				463D402C1F4BC84F005F9A1C /* AppConfig-external-release.xcconfig */,
			);
			path = Configuration;
			sourceTree = "<group>";
		};
		EA3C89041F32E31500F38461 /* Resources */ = {
			isa = PBXGroup;
			children = (
				EA3C89051F32E34300F38461 /* termsandconditions.html */,
			);
			path = Resources;
			sourceTree = "<group>";
		};
/* End PBXGroup section */

/* Begin PBXNativeTarget section */
		BCD4EA881E515ACE000B993D /* MPOL */ = {
			isa = PBXNativeTarget;
			buildConfigurationList = BCD4EA9B1E515ACE000B993D /* Build configuration list for PBXNativeTarget "MPOL" */;
			buildPhases = (
				D8C711FC38F1712FFB500038 /* [CP] Check Pods Manifest.lock */,
				BCD4EA851E515ACE000B993D /* Sources */,
				BCD4EA861E515ACE000B993D /* Frameworks */,
				BCD4EA871E515ACE000B993D /* Resources */,
				BCEEA5631F03205800C884A4 /* Embed Frameworks */,
				D21DC578391C0CA63CBC80D8 /* [CP] Embed Pods Frameworks */,
				C1D46AED3802785E61E14A0E /* [CP] Copy Pods Resources */,
				DB3E2AE81F568C8D00E35300 /* ShellScript */,
			);
			buildRules = (
			);
			dependencies = (
			);
			name = MPOL;
			productName = MPOL;
			productReference = BCD4EA891E515ACE000B993D /* MPOL.app */;
			productType = "com.apple.product-type.application";
		};
/* End PBXNativeTarget section */

/* Begin PBXProject section */
		BCD4EA811E515ACE000B993D /* Project object */ = {
			isa = PBXProject;
			attributes = {
				LastSwiftUpdateCheck = 0820;
				LastUpgradeCheck = 0900;
				ORGANIZATIONNAME = Gridstone;
				TargetAttributes = {
					BCD4EA881E515ACE000B993D = {
						CreatedOnToolsVersion = 8.2.1;
						DevelopmentTeam = QJQ4TBYRPA;
						ProvisioningStyle = Automatic;
						SystemCapabilities = {
							com.apple.ApplicationGroups.iOS = {
								enabled = 1;
							};
							com.apple.BackgroundModes = {
								enabled = 1;
							};
							com.apple.Push = {
								enabled = 1;
							};
						};
					};
				};
			};
			buildConfigurationList = BCD4EA841E515ACE000B993D /* Build configuration list for PBXProject "MPOL" */;
			compatibilityVersion = "Xcode 3.2";
			developmentRegion = English;
			hasScannedForEncodings = 0;
			knownRegions = (
				en,
				Base,
			);
			mainGroup = BCD4EA801E515ACE000B993D;
			productRefGroup = BCD4EA8A1E515ACE000B993D /* Products */;
			projectDirPath = "";
			projectRoot = "";
			targets = (
				BCD4EA881E515ACE000B993D /* MPOL */,
			);
		};
/* End PBXProject section */

/* Begin PBXResourcesBuildPhase section */
		BCD4EA871E515ACE000B993D /* Resources */ = {
			isa = PBXResourcesBuildPhase;
			buildActionMask = 2147483647;
			files = (
				BCD4EA9F1E515ADE000B993D /* LaunchScreen.storyboard in Resources */,
				BCD4EA941E515ACE000B993D /* Assets.xcassets in Resources */,
				EA3C89061F32E34300F38461 /* termsandconditions.html in Resources */,
				BC45C4471EEB56D2001F5747 /* Localizable.stringsdict in Resources */,
			);
			runOnlyForDeploymentPostprocessing = 0;
		};
/* End PBXResourcesBuildPhase section */

/* Begin PBXShellScriptBuildPhase section */
		C1D46AED3802785E61E14A0E /* [CP] Copy Pods Resources */ = {
			isa = PBXShellScriptBuildPhase;
			buildActionMask = 2147483647;
			files = (
			);
			inputPaths = (
				"${SRCROOT}/Pods/Target Support Files/Pods-MPOL/Pods-MPOL-resources.sh",
				$PODS_CONFIGURATION_BUILD_DIR/HockeySDK/HockeySDKResources.bundle,
			);
			name = "[CP] Copy Pods Resources";
			outputPaths = (
				"${TARGET_BUILD_DIR}/${UNLOCALIZED_RESOURCES_FOLDER_PATH}",
			);
			runOnlyForDeploymentPostprocessing = 0;
			shellPath = /bin/sh;
			shellScript = "\"${SRCROOT}/Pods/Target Support Files/Pods-MPOL/Pods-MPOL-resources.sh\"\n";
			showEnvVarsInLog = 0;
		};
		D21DC578391C0CA63CBC80D8 /* [CP] Embed Pods Frameworks */ = {
			isa = PBXShellScriptBuildPhase;
			buildActionMask = 2147483647;
			files = (
			);
			inputPaths = (
				"${SRCROOT}/Pods/Target Support Files/Pods-MPOL/Pods-MPOL-frameworks.sh",
				"${BUILT_PRODUCTS_DIR}/Alamofire/Alamofire.framework",
				"${BUILT_PRODUCTS_DIR}/MPOLKit/MPOLKit.framework",
				"${BUILT_PRODUCTS_DIR}/PromiseKit/PromiseKit.framework",
				"${BUILT_PRODUCTS_DIR}/Unbox/Unbox.framework",
				"${BUILT_PRODUCTS_DIR}/Wrap/Wrap.framework",
				"${BUILT_PRODUCTS_DIR}/lottie-ios/Lottie.framework",
			);
			name = "[CP] Embed Pods Frameworks";
			outputPaths = (
				"${TARGET_BUILD_DIR}/${FRAMEWORKS_FOLDER_PATH}/Alamofire.framework",
				"${TARGET_BUILD_DIR}/${FRAMEWORKS_FOLDER_PATH}/MPOLKit.framework",
				"${TARGET_BUILD_DIR}/${FRAMEWORKS_FOLDER_PATH}/PromiseKit.framework",
				"${TARGET_BUILD_DIR}/${FRAMEWORKS_FOLDER_PATH}/Unbox.framework",
				"${TARGET_BUILD_DIR}/${FRAMEWORKS_FOLDER_PATH}/Wrap.framework",
				"${TARGET_BUILD_DIR}/${FRAMEWORKS_FOLDER_PATH}/Lottie.framework",
			);
			runOnlyForDeploymentPostprocessing = 0;
			shellPath = /bin/sh;
			shellScript = "\"${SRCROOT}/Pods/Target Support Files/Pods-MPOL/Pods-MPOL-frameworks.sh\"\n";
			showEnvVarsInLog = 0;
		};
		D8C711FC38F1712FFB500038 /* [CP] Check Pods Manifest.lock */ = {
			isa = PBXShellScriptBuildPhase;
			buildActionMask = 2147483647;
			files = (
			);
			inputPaths = (
				"${PODS_PODFILE_DIR_PATH}/Podfile.lock",
				"${PODS_ROOT}/Manifest.lock",
			);
			name = "[CP] Check Pods Manifest.lock";
			outputPaths = (
				"$(DERIVED_FILE_DIR)/Pods-MPOL-checkManifestLockResult.txt",
			);
			runOnlyForDeploymentPostprocessing = 0;
			shellPath = /bin/sh;
			shellScript = "diff \"${PODS_PODFILE_DIR_PATH}/Podfile.lock\" \"${PODS_ROOT}/Manifest.lock\" > /dev/null\nif [ $? != 0 ] ; then\n    # print error to STDERR\n    echo \"error: The sandbox is not in sync with the Podfile.lock. Run 'pod install' or update your CocoaPods installation.\" >&2\n    exit 1\nfi\n# This output is used by Xcode 'outputs' to avoid re-running this script phase.\necho \"SUCCESS\" > \"${SCRIPT_OUTPUT_FILE_0}\"\n";
			showEnvVarsInLog = 0;
		};
		DB3E2AE81F568C8D00E35300 /* ShellScript */ = {
			isa = PBXShellScriptBuildPhase;
			buildActionMask = 2147483647;
			files = (
			);
			inputPaths = (
			);
			outputPaths = (
			);
			runOnlyForDeploymentPostprocessing = 0;
			shellPath = /bin/sh;
			shellScript = "if [ \"${CONFIGURATION}\" = \"Internal-Debug\" ]; then\n    if hash tailor 2>/dev/null; then\n        tailor\n    else\n        echo \"warning: Please install Tailor from https://tailor.sh\"\n    fi\nfi";
		};
/* End PBXShellScriptBuildPhase section */

/* Begin PBXSourcesBuildPhase section */
		BCD4EA851E515ACE000B993D /* Sources */ = {
			isa = PBXSourcesBuildPhase;
			buildActionMask = 2147483647;
			files = (
				BC4E81111EBEE38400188181 /* SettingsViewController.swift in Sources */,
				BC8B26F31EDC07430022B0AD /* ActionListViewController.swift in Sources */,
				12ADD4361F32C0FA00CA8B4D /* MPOLSearchViewModel.swift in Sources */,
				EA2189F81F61196E0057048E /* RecentlyViewedTracker.swift in Sources */,
				BCD4EA8D1E515ACE000B993D /* AppDelegate.swift in Sources */,
				12ADD43A1F32C0FA00CA8B4D /* VehicleSearchDataSource.swift in Sources */,
				BC8B26F61EDC08460022B0AD /* EventsListViewController.swift in Sources */,
				EA2189F61F60F64A0057048E /* AppPresenter.swift in Sources */,
				12ADD4381F32C0FA00CA8B4D /* PersonSearchDataSource.swift in Sources */,
			);
			runOnlyForDeploymentPostprocessing = 0;
		};
/* End PBXSourcesBuildPhase section */

/* Begin XCBuildConfiguration section */
		463D401F1F4BC64E005F9A1C /* Internal-Debug */ = {
			isa = XCBuildConfiguration;
			baseConfigurationReference = 463D402A1F4BC7D4005F9A1C /* AppConfig-internal-debug.xcconfig */;
			buildSettings = {
				ALWAYS_SEARCH_USER_PATHS = NO;
				CLANG_ANALYZER_NONNULL = YES;
				CLANG_CXX_LANGUAGE_STANDARD = "gnu++0x";
				CLANG_CXX_LIBRARY = "libc++";
				CLANG_ENABLE_MODULES = YES;
				CLANG_ENABLE_OBJC_ARC = YES;
				CLANG_WARN_BLOCK_CAPTURE_AUTORELEASING = YES;
				CLANG_WARN_BOOL_CONVERSION = YES;
				CLANG_WARN_COMMA = YES;
				CLANG_WARN_CONSTANT_CONVERSION = YES;
				CLANG_WARN_DIRECT_OBJC_ISA_USAGE = YES_ERROR;
				CLANG_WARN_DOCUMENTATION_COMMENTS = YES;
				CLANG_WARN_EMPTY_BODY = YES;
				CLANG_WARN_ENUM_CONVERSION = YES;
				CLANG_WARN_INFINITE_RECURSION = YES;
				CLANG_WARN_INT_CONVERSION = YES;
				CLANG_WARN_NON_LITERAL_NULL_CONVERSION = YES;
				CLANG_WARN_OBJC_LITERAL_CONVERSION = YES;
				CLANG_WARN_OBJC_ROOT_CLASS = YES_ERROR;
				CLANG_WARN_RANGE_LOOP_ANALYSIS = YES;
				CLANG_WARN_STRICT_PROTOTYPES = YES;
				CLANG_WARN_SUSPICIOUS_MOVE = YES;
				CLANG_WARN_UNREACHABLE_CODE = YES;
				CLANG_WARN__DUPLICATE_METHOD_MATCH = YES;
				"CODE_SIGN_IDENTITY[sdk=iphoneos*]" = "iPhone Developer";
				COPY_PHASE_STRIP = NO;
				DEBUG_INFORMATION_FORMAT = dwarf;
				ENABLE_STRICT_OBJC_MSGSEND = YES;
				ENABLE_TESTABILITY = YES;
				GCC_C_LANGUAGE_STANDARD = gnu99;
				GCC_DYNAMIC_NO_PIC = NO;
				GCC_NO_COMMON_BLOCKS = YES;
				GCC_OPTIMIZATION_LEVEL = 0;
				GCC_PREPROCESSOR_DEFINITIONS = (
					"DEBUG=1",
					"$(inherited)",
				);
				GCC_WARN_64_TO_32_BIT_CONVERSION = YES;
				GCC_WARN_ABOUT_RETURN_TYPE = YES_ERROR;
				GCC_WARN_UNDECLARED_SELECTOR = YES;
				GCC_WARN_UNINITIALIZED_AUTOS = YES_AGGRESSIVE;
				GCC_WARN_UNUSED_FUNCTION = YES;
				GCC_WARN_UNUSED_VARIABLE = YES;
				IPHONEOS_DEPLOYMENT_TARGET = 10.2;
				MTL_ENABLE_DEBUG_INFO = YES;
				ONLY_ACTIVE_ARCH = YES;
				SDKROOT = iphoneos;
				SWIFT_ACTIVE_COMPILATION_CONDITIONS = DEBUG;
				SWIFT_OPTIMIZATION_LEVEL = "-Onone";
				TARGETED_DEVICE_FAMILY = "1,2";
			};
			name = "Internal-Debug";
		};
		463D40201F4BC64E005F9A1C /* Internal-Debug */ = {
			isa = XCBuildConfiguration;
			baseConfigurationReference = 463D402A1F4BC7D4005F9A1C /* AppConfig-internal-debug.xcconfig */;
			buildSettings = {
				ASSETCATALOG_COMPILER_APPICON_NAME = AppIcon;
				CODE_SIGN_ENTITLEMENTS = MPOL/MPOL.entitlements;
				DEVELOPMENT_TEAM = QJQ4TBYRPA;
				ENABLE_BITCODE = NO;
				FRAMEWORK_SEARCH_PATHS = "$(inherited)";
				INFOPLIST_FILE = MPOL/Info.plist;
				IPHONEOS_DEPLOYMENT_TARGET = 10.0;
				LD_RUNPATH_SEARCH_PATHS = "$(inherited) @executable_path/Frameworks";
				PRODUCT_BUNDLE_IDENTIFIER = com.naturallybeing.gpol;
				PRODUCT_NAME = "$(TARGET_NAME)";
				SWIFT_VERSION = 3.0;
			};
			name = "Internal-Debug";
		};
		463D40211F4BC658005F9A1C /* External-Release */ = {
			isa = XCBuildConfiguration;
			baseConfigurationReference = 463D402C1F4BC84F005F9A1C /* AppConfig-external-release.xcconfig */;
			buildSettings = {
				ALWAYS_SEARCH_USER_PATHS = NO;
				CLANG_ANALYZER_NONNULL = YES;
				CLANG_CXX_LANGUAGE_STANDARD = "gnu++0x";
				CLANG_CXX_LIBRARY = "libc++";
				CLANG_ENABLE_MODULES = YES;
				CLANG_ENABLE_OBJC_ARC = YES;
				CLANG_WARN_BLOCK_CAPTURE_AUTORELEASING = YES;
				CLANG_WARN_BOOL_CONVERSION = YES;
				CLANG_WARN_COMMA = YES;
				CLANG_WARN_CONSTANT_CONVERSION = YES;
				CLANG_WARN_DIRECT_OBJC_ISA_USAGE = YES_ERROR;
				CLANG_WARN_DOCUMENTATION_COMMENTS = YES;
				CLANG_WARN_EMPTY_BODY = YES;
				CLANG_WARN_ENUM_CONVERSION = YES;
				CLANG_WARN_INFINITE_RECURSION = YES;
				CLANG_WARN_INT_CONVERSION = YES;
				CLANG_WARN_NON_LITERAL_NULL_CONVERSION = YES;
				CLANG_WARN_OBJC_LITERAL_CONVERSION = YES;
				CLANG_WARN_OBJC_ROOT_CLASS = YES_ERROR;
				CLANG_WARN_RANGE_LOOP_ANALYSIS = YES;
				CLANG_WARN_STRICT_PROTOTYPES = YES;
				CLANG_WARN_SUSPICIOUS_MOVE = YES;
				CLANG_WARN_UNREACHABLE_CODE = YES;
				CLANG_WARN__DUPLICATE_METHOD_MATCH = YES;
				"CODE_SIGN_IDENTITY[sdk=iphoneos*]" = "iPhone Developer";
				COPY_PHASE_STRIP = NO;
				DEBUG_INFORMATION_FORMAT = "dwarf-with-dsym";
				ENABLE_NS_ASSERTIONS = NO;
				ENABLE_STRICT_OBJC_MSGSEND = YES;
				GCC_C_LANGUAGE_STANDARD = gnu99;
				GCC_NO_COMMON_BLOCKS = YES;
				GCC_WARN_64_TO_32_BIT_CONVERSION = YES;
				GCC_WARN_ABOUT_RETURN_TYPE = YES_ERROR;
				GCC_WARN_UNDECLARED_SELECTOR = YES;
				GCC_WARN_UNINITIALIZED_AUTOS = YES_AGGRESSIVE;
				GCC_WARN_UNUSED_FUNCTION = YES;
				GCC_WARN_UNUSED_VARIABLE = YES;
				IPHONEOS_DEPLOYMENT_TARGET = 10.2;
				MTL_ENABLE_DEBUG_INFO = NO;
				SDKROOT = iphoneos;
				SWIFT_OPTIMIZATION_LEVEL = "-Owholemodule";
				TARGETED_DEVICE_FAMILY = "1,2";
				VALIDATE_PRODUCT = YES;
			};
			name = "External-Release";
		};
		463D40221F4BC658005F9A1C /* External-Release */ = {
			isa = XCBuildConfiguration;
			baseConfigurationReference = 463D402C1F4BC84F005F9A1C /* AppConfig-external-release.xcconfig */;
			buildSettings = {
				ASSETCATALOG_COMPILER_APPICON_NAME = AppIcon;
				CODE_SIGN_ENTITLEMENTS = MPOL/MPOL.entitlements;
				DEVELOPMENT_TEAM = QJQ4TBYRPA;
				ENABLE_BITCODE = NO;
				FRAMEWORK_SEARCH_PATHS = "$(inherited)";
				INFOPLIST_FILE = MPOL/Info.plist;
				IPHONEOS_DEPLOYMENT_TARGET = 10.0;
				LD_RUNPATH_SEARCH_PATHS = "$(inherited) @executable_path/Frameworks";
				PRODUCT_BUNDLE_IDENTIFIER = com.naturallybeing.gpol;
				PRODUCT_NAME = "$(TARGET_NAME)";
				SWIFT_VERSION = 3.0;
			};
			name = "External-Release";
		};
		463D40231F4BC663005F9A1C /* External-Debug */ = {
			isa = XCBuildConfiguration;
			baseConfigurationReference = 463D402B1F4BC844005F9A1C /* AppConfig-external-debug.xcconfig */;
			buildSettings = {
				ALWAYS_SEARCH_USER_PATHS = NO;
				CLANG_ANALYZER_NONNULL = YES;
				CLANG_CXX_LANGUAGE_STANDARD = "gnu++0x";
				CLANG_CXX_LIBRARY = "libc++";
				CLANG_ENABLE_MODULES = YES;
				CLANG_ENABLE_OBJC_ARC = YES;
				CLANG_WARN_BLOCK_CAPTURE_AUTORELEASING = YES;
				CLANG_WARN_BOOL_CONVERSION = YES;
				CLANG_WARN_COMMA = YES;
				CLANG_WARN_CONSTANT_CONVERSION = YES;
				CLANG_WARN_DIRECT_OBJC_ISA_USAGE = YES_ERROR;
				CLANG_WARN_DOCUMENTATION_COMMENTS = YES;
				CLANG_WARN_EMPTY_BODY = YES;
				CLANG_WARN_ENUM_CONVERSION = YES;
				CLANG_WARN_INFINITE_RECURSION = YES;
				CLANG_WARN_INT_CONVERSION = YES;
				CLANG_WARN_NON_LITERAL_NULL_CONVERSION = YES;
				CLANG_WARN_OBJC_LITERAL_CONVERSION = YES;
				CLANG_WARN_OBJC_ROOT_CLASS = YES_ERROR;
				CLANG_WARN_RANGE_LOOP_ANALYSIS = YES;
				CLANG_WARN_STRICT_PROTOTYPES = YES;
				CLANG_WARN_SUSPICIOUS_MOVE = YES;
				CLANG_WARN_UNREACHABLE_CODE = YES;
				CLANG_WARN__DUPLICATE_METHOD_MATCH = YES;
				"CODE_SIGN_IDENTITY[sdk=iphoneos*]" = "iPhone Developer";
				COPY_PHASE_STRIP = NO;
				DEBUG_INFORMATION_FORMAT = dwarf;
				ENABLE_STRICT_OBJC_MSGSEND = YES;
				ENABLE_TESTABILITY = YES;
				GCC_C_LANGUAGE_STANDARD = gnu99;
				GCC_DYNAMIC_NO_PIC = NO;
				GCC_NO_COMMON_BLOCKS = YES;
				GCC_OPTIMIZATION_LEVEL = 0;
				GCC_PREPROCESSOR_DEFINITIONS = (
					"DEBUG=1",
					"$(inherited)",
				);
				GCC_WARN_64_TO_32_BIT_CONVERSION = YES;
				GCC_WARN_ABOUT_RETURN_TYPE = YES_ERROR;
				GCC_WARN_UNDECLARED_SELECTOR = YES;
				GCC_WARN_UNINITIALIZED_AUTOS = YES_AGGRESSIVE;
				GCC_WARN_UNUSED_FUNCTION = YES;
				GCC_WARN_UNUSED_VARIABLE = YES;
				IPHONEOS_DEPLOYMENT_TARGET = 10.2;
				MTL_ENABLE_DEBUG_INFO = YES;
				ONLY_ACTIVE_ARCH = YES;
				SDKROOT = iphoneos;
				SWIFT_ACTIVE_COMPILATION_CONDITIONS = DEBUG;
				SWIFT_OPTIMIZATION_LEVEL = "-Onone";
				TARGETED_DEVICE_FAMILY = "1,2";
			};
			name = "External-Debug";
		};
		463D40241F4BC663005F9A1C /* External-Debug */ = {
			isa = XCBuildConfiguration;
			baseConfigurationReference = 463D402B1F4BC844005F9A1C /* AppConfig-external-debug.xcconfig */;
			buildSettings = {
				ASSETCATALOG_COMPILER_APPICON_NAME = AppIcon;
				CODE_SIGN_ENTITLEMENTS = MPOL/MPOL.entitlements;
				DEVELOPMENT_TEAM = QJQ4TBYRPA;
				ENABLE_BITCODE = NO;
				FRAMEWORK_SEARCH_PATHS = "$(inherited)";
				INFOPLIST_FILE = MPOL/Info.plist;
				IPHONEOS_DEPLOYMENT_TARGET = 10.0;
				LD_RUNPATH_SEARCH_PATHS = "$(inherited) @executable_path/Frameworks";
				PRODUCT_BUNDLE_IDENTIFIER = com.naturallybeing.gpol;
				PRODUCT_NAME = "$(TARGET_NAME)";
				SWIFT_VERSION = 3.0;
			};
			name = "External-Debug";
		};
		463D40271F4BC682005F9A1C /* Internal-Release */ = {
			isa = XCBuildConfiguration;
			baseConfigurationReference = 463D40291F4BC784005F9A1C /* AppConfig-internal-release.xcconfig */;
			buildSettings = {
				ALWAYS_SEARCH_USER_PATHS = NO;
				CLANG_ANALYZER_NONNULL = YES;
				CLANG_CXX_LANGUAGE_STANDARD = "gnu++0x";
				CLANG_CXX_LIBRARY = "libc++";
				CLANG_ENABLE_MODULES = YES;
				CLANG_ENABLE_OBJC_ARC = YES;
				CLANG_WARN_BLOCK_CAPTURE_AUTORELEASING = YES;
				CLANG_WARN_BOOL_CONVERSION = YES;
				CLANG_WARN_COMMA = YES;
				CLANG_WARN_CONSTANT_CONVERSION = YES;
				CLANG_WARN_DIRECT_OBJC_ISA_USAGE = YES_ERROR;
				CLANG_WARN_DOCUMENTATION_COMMENTS = YES;
				CLANG_WARN_EMPTY_BODY = YES;
				CLANG_WARN_ENUM_CONVERSION = YES;
				CLANG_WARN_INFINITE_RECURSION = YES;
				CLANG_WARN_INT_CONVERSION = YES;
				CLANG_WARN_NON_LITERAL_NULL_CONVERSION = YES;
				CLANG_WARN_OBJC_LITERAL_CONVERSION = YES;
				CLANG_WARN_OBJC_ROOT_CLASS = YES_ERROR;
				CLANG_WARN_RANGE_LOOP_ANALYSIS = YES;
				CLANG_WARN_STRICT_PROTOTYPES = YES;
				CLANG_WARN_SUSPICIOUS_MOVE = YES;
				CLANG_WARN_UNREACHABLE_CODE = YES;
				CLANG_WARN__DUPLICATE_METHOD_MATCH = YES;
				"CODE_SIGN_IDENTITY[sdk=iphoneos*]" = "iPhone Developer";
				COPY_PHASE_STRIP = NO;
				DEBUG_INFORMATION_FORMAT = "dwarf-with-dsym";
				ENABLE_NS_ASSERTIONS = NO;
				ENABLE_STRICT_OBJC_MSGSEND = YES;
				GCC_C_LANGUAGE_STANDARD = gnu99;
				GCC_NO_COMMON_BLOCKS = YES;
				GCC_WARN_64_TO_32_BIT_CONVERSION = YES;
				GCC_WARN_ABOUT_RETURN_TYPE = YES_ERROR;
				GCC_WARN_UNDECLARED_SELECTOR = YES;
				GCC_WARN_UNINITIALIZED_AUTOS = YES_AGGRESSIVE;
				GCC_WARN_UNUSED_FUNCTION = YES;
				GCC_WARN_UNUSED_VARIABLE = YES;
				IPHONEOS_DEPLOYMENT_TARGET = 10.2;
				MTL_ENABLE_DEBUG_INFO = NO;
				SDKROOT = iphoneos;
				SWIFT_OPTIMIZATION_LEVEL = "-Owholemodule";
				TARGETED_DEVICE_FAMILY = "1,2";
				VALIDATE_PRODUCT = YES;
			};
			name = "Internal-Release";
		};
		463D40281F4BC682005F9A1C /* Internal-Release */ = {
			isa = XCBuildConfiguration;
			baseConfigurationReference = 463D40291F4BC784005F9A1C /* AppConfig-internal-release.xcconfig */;
			buildSettings = {
				ASSETCATALOG_COMPILER_APPICON_NAME = AppIcon;
				CODE_SIGN_ENTITLEMENTS = MPOL/MPOL.entitlements;
				DEVELOPMENT_TEAM = QJQ4TBYRPA;
				ENABLE_BITCODE = NO;
				FRAMEWORK_SEARCH_PATHS = "$(inherited)";
				INFOPLIST_FILE = MPOL/Info.plist;
				IPHONEOS_DEPLOYMENT_TARGET = 10.0;
				LD_RUNPATH_SEARCH_PATHS = "$(inherited) @executable_path/Frameworks";
				OTHER_SWIFT_FLAGS = "$(inherited)";
				PRODUCT_BUNDLE_IDENTIFIER = com.naturallybeing.gpol;
				PRODUCT_NAME = "$(TARGET_NAME)";
				SWIFT_VERSION = 3.0;
			};
			name = "Internal-Release";
		};
		BCD4EA991E515ACE000B993D /* Debug */ = {
			isa = XCBuildConfiguration;
			buildSettings = {
				ALWAYS_SEARCH_USER_PATHS = NO;
				CLANG_ANALYZER_NONNULL = YES;
				CLANG_CXX_LANGUAGE_STANDARD = "gnu++0x";
				CLANG_CXX_LIBRARY = "libc++";
				CLANG_ENABLE_MODULES = YES;
				CLANG_ENABLE_OBJC_ARC = YES;
				CLANG_WARN_BLOCK_CAPTURE_AUTORELEASING = YES;
				CLANG_WARN_BOOL_CONVERSION = YES;
				CLANG_WARN_COMMA = YES;
				CLANG_WARN_CONSTANT_CONVERSION = YES;
				CLANG_WARN_DIRECT_OBJC_ISA_USAGE = YES_ERROR;
				CLANG_WARN_DOCUMENTATION_COMMENTS = YES;
				CLANG_WARN_EMPTY_BODY = YES;
				CLANG_WARN_ENUM_CONVERSION = YES;
				CLANG_WARN_INFINITE_RECURSION = YES;
				CLANG_WARN_INT_CONVERSION = YES;
				CLANG_WARN_NON_LITERAL_NULL_CONVERSION = YES;
				CLANG_WARN_OBJC_LITERAL_CONVERSION = YES;
				CLANG_WARN_OBJC_ROOT_CLASS = YES_ERROR;
				CLANG_WARN_RANGE_LOOP_ANALYSIS = YES;
				CLANG_WARN_STRICT_PROTOTYPES = YES;
				CLANG_WARN_SUSPICIOUS_MOVE = YES;
				CLANG_WARN_UNREACHABLE_CODE = YES;
				CLANG_WARN__DUPLICATE_METHOD_MATCH = YES;
				"CODE_SIGN_IDENTITY[sdk=iphoneos*]" = "iPhone Developer";
				COPY_PHASE_STRIP = NO;
				DEBUG_INFORMATION_FORMAT = dwarf;
				ENABLE_STRICT_OBJC_MSGSEND = YES;
				ENABLE_TESTABILITY = YES;
				GCC_C_LANGUAGE_STANDARD = gnu99;
				GCC_DYNAMIC_NO_PIC = NO;
				GCC_NO_COMMON_BLOCKS = YES;
				GCC_OPTIMIZATION_LEVEL = 0;
				GCC_PREPROCESSOR_DEFINITIONS = (
					"DEBUG=1",
					"$(inherited)",
				);
				GCC_WARN_64_TO_32_BIT_CONVERSION = YES;
				GCC_WARN_ABOUT_RETURN_TYPE = YES_ERROR;
				GCC_WARN_UNDECLARED_SELECTOR = YES;
				GCC_WARN_UNINITIALIZED_AUTOS = YES_AGGRESSIVE;
				GCC_WARN_UNUSED_FUNCTION = YES;
				GCC_WARN_UNUSED_VARIABLE = YES;
				IPHONEOS_DEPLOYMENT_TARGET = 10.2;
				MTL_ENABLE_DEBUG_INFO = YES;
				ONLY_ACTIVE_ARCH = YES;
				SDKROOT = iphoneos;
				SWIFT_ACTIVE_COMPILATION_CONDITIONS = DEBUG;
				SWIFT_OPTIMIZATION_LEVEL = "-Onone";
				TARGETED_DEVICE_FAMILY = "1,2";
			};
			name = Debug;
		};
		BCD4EA9A1E515ACE000B993D /* Release */ = {
			isa = XCBuildConfiguration;
			buildSettings = {
				ALWAYS_SEARCH_USER_PATHS = NO;
				CLANG_ANALYZER_NONNULL = YES;
				CLANG_CXX_LANGUAGE_STANDARD = "gnu++0x";
				CLANG_CXX_LIBRARY = "libc++";
				CLANG_ENABLE_MODULES = YES;
				CLANG_ENABLE_OBJC_ARC = YES;
				CLANG_WARN_BLOCK_CAPTURE_AUTORELEASING = YES;
				CLANG_WARN_BOOL_CONVERSION = YES;
				CLANG_WARN_COMMA = YES;
				CLANG_WARN_CONSTANT_CONVERSION = YES;
				CLANG_WARN_DIRECT_OBJC_ISA_USAGE = YES_ERROR;
				CLANG_WARN_DOCUMENTATION_COMMENTS = YES;
				CLANG_WARN_EMPTY_BODY = YES;
				CLANG_WARN_ENUM_CONVERSION = YES;
				CLANG_WARN_INFINITE_RECURSION = YES;
				CLANG_WARN_INT_CONVERSION = YES;
				CLANG_WARN_NON_LITERAL_NULL_CONVERSION = YES;
				CLANG_WARN_OBJC_LITERAL_CONVERSION = YES;
				CLANG_WARN_OBJC_ROOT_CLASS = YES_ERROR;
				CLANG_WARN_RANGE_LOOP_ANALYSIS = YES;
				CLANG_WARN_STRICT_PROTOTYPES = YES;
				CLANG_WARN_SUSPICIOUS_MOVE = YES;
				CLANG_WARN_UNREACHABLE_CODE = YES;
				CLANG_WARN__DUPLICATE_METHOD_MATCH = YES;
				"CODE_SIGN_IDENTITY[sdk=iphoneos*]" = "iPhone Developer";
				COPY_PHASE_STRIP = NO;
				DEBUG_INFORMATION_FORMAT = "dwarf-with-dsym";
				ENABLE_NS_ASSERTIONS = NO;
				ENABLE_STRICT_OBJC_MSGSEND = YES;
				GCC_C_LANGUAGE_STANDARD = gnu99;
				GCC_NO_COMMON_BLOCKS = YES;
				GCC_WARN_64_TO_32_BIT_CONVERSION = YES;
				GCC_WARN_ABOUT_RETURN_TYPE = YES_ERROR;
				GCC_WARN_UNDECLARED_SELECTOR = YES;
				GCC_WARN_UNINITIALIZED_AUTOS = YES_AGGRESSIVE;
				GCC_WARN_UNUSED_FUNCTION = YES;
				GCC_WARN_UNUSED_VARIABLE = YES;
				IPHONEOS_DEPLOYMENT_TARGET = 10.2;
				MTL_ENABLE_DEBUG_INFO = NO;
				SDKROOT = iphoneos;
				SWIFT_OPTIMIZATION_LEVEL = "-Owholemodule";
				TARGETED_DEVICE_FAMILY = "1,2";
				VALIDATE_PRODUCT = YES;
			};
			name = Release;
		};
		BCD4EA9C1E515ACE000B993D /* Debug */ = {
			isa = XCBuildConfiguration;
			baseConfigurationReference = 1D27A2F65F8C83373197EBC3 /* Pods-MPOL.debug.xcconfig */;
			buildSettings = {
				ASSETCATALOG_COMPILER_APPICON_NAME = AppIcon;
				CODE_SIGN_ENTITLEMENTS = MPOL/MPOL.entitlements;
				DEVELOPMENT_TEAM = QJQ4TBYRPA;
				ENABLE_BITCODE = NO;
				FRAMEWORK_SEARCH_PATHS = "$(inherited)";
				INFOPLIST_FILE = MPOL/Info.plist;
				IPHONEOS_DEPLOYMENT_TARGET = 10.0;
				LD_RUNPATH_SEARCH_PATHS = "$(inherited) @executable_path/Frameworks";
				PRODUCT_BUNDLE_IDENTIFIER = com.naturallybeing.gpol;
				PRODUCT_NAME = "$(TARGET_NAME)";
				SWIFT_VERSION = 3.0;
			};
			name = Debug;
		};
		BCD4EA9D1E515ACE000B993D /* Release */ = {
			isa = XCBuildConfiguration;
			baseConfigurationReference = 59CEC38145149253B388125F /* Pods-MPOL.release.xcconfig */;
			buildSettings = {
				ASSETCATALOG_COMPILER_APPICON_NAME = AppIcon;
				CODE_SIGN_ENTITLEMENTS = MPOL/MPOL.entitlements;
				DEVELOPMENT_TEAM = QJQ4TBYRPA;
				ENABLE_BITCODE = NO;
				FRAMEWORK_SEARCH_PATHS = "$(inherited)";
				INFOPLIST_FILE = MPOL/Info.plist;
				IPHONEOS_DEPLOYMENT_TARGET = 10.0;
				LD_RUNPATH_SEARCH_PATHS = "$(inherited) @executable_path/Frameworks";
				PRODUCT_BUNDLE_IDENTIFIER = com.naturallybeing.gpol;
				PRODUCT_NAME = "$(TARGET_NAME)";
				SWIFT_VERSION = 3.0;
			};
			name = Release;
		};
/* End XCBuildConfiguration section */

/* Begin XCConfigurationList section */
		BCD4EA841E515ACE000B993D /* Build configuration list for PBXProject "MPOL" */ = {
			isa = XCConfigurationList;
			buildConfigurations = (
				BCD4EA991E515ACE000B993D /* Debug */,
				463D40231F4BC663005F9A1C /* External-Debug */,
				463D401F1F4BC64E005F9A1C /* Internal-Debug */,
				BCD4EA9A1E515ACE000B993D /* Release */,
				463D40271F4BC682005F9A1C /* Internal-Release */,
				463D40211F4BC658005F9A1C /* External-Release */,
			);
			defaultConfigurationIsVisible = 0;
			defaultConfigurationName = Release;
		};
		BCD4EA9B1E515ACE000B993D /* Build configuration list for PBXNativeTarget "MPOL" */ = {
			isa = XCConfigurationList;
			buildConfigurations = (
				BCD4EA9C1E515ACE000B993D /* Debug */,
				463D40241F4BC663005F9A1C /* External-Debug */,
				463D40201F4BC64E005F9A1C /* Internal-Debug */,
				BCD4EA9D1E515ACE000B993D /* Release */,
				463D40281F4BC682005F9A1C /* Internal-Release */,
				463D40221F4BC658005F9A1C /* External-Release */,
			);
			defaultConfigurationIsVisible = 0;
			defaultConfigurationName = Release;
		};
/* End XCConfigurationList section */
	};
	rootObject = BCD4EA811E515ACE000B993D /* Project object */;
}
